// !$*UTF8*$!
{
	archiveVersion = 1;
	classes = {
	};
	objectVersion = 46;
	objects = {

/* Begin PBXBuildFile section */
		629EBB9B17948B870022F845 /* Cocoa.framework in Frameworks */ = {isa = PBXBuildFile; fileRef = 629EBB9A17948B870022F845 /* Cocoa.framework */; };
		629EBBA517948B870022F845 /* InfoPlist.strings in Resources */ = {isa = PBXBuildFile; fileRef = 629EBBA317948B870022F845 /* InfoPlist.strings */; };
		629EBBA717948B870022F845 /* main.m in Sources */ = {isa = PBXBuildFile; fileRef = 629EBBA617948B870022F845 /* main.m */; };
		629EBBAB17948B870022F845 /* Credits.rtf in Resources */ = {isa = PBXBuildFile; fileRef = 629EBBA917948B870022F845 /* Credits.rtf */; };
		629EBBAE17948B870022F845 /* Document.m in Sources */ = {isa = PBXBuildFile; fileRef = 629EBBAD17948B870022F845 /* Document.m */; };
		629EBBB117948B870022F845 /* Document.xib in Resources */ = {isa = PBXBuildFile; fileRef = 629EBBAF17948B870022F845 /* Document.xib */; };
		629EBBB417948B870022F845 /* MainMenu.xib in Resources */ = {isa = PBXBuildFile; fileRef = 629EBBB217948B870022F845 /* MainMenu.xib */; };
/* End PBXBuildFile section */

/* Begin PBXFileReference section */
		629EBB9717948B870022F845 /* SampleDocument.app */ = {isa = PBXFileReference; explicitFileType = wrapper.application; includeInIndex = 0; path = SampleDocument.app; sourceTree = BUILT_PRODUCTS_DIR; };
		629EBB9A17948B870022F845 /* Cocoa.framework */ = {isa = PBXFileReference; lastKnownFileType = wrapper.framework; name = Cocoa.framework; path = System/Library/Frameworks/Cocoa.framework; sourceTree = SDKROOT; };
		629EBB9D17948B870022F845 /* AppKit.framework */ = {isa = PBXFileReference; lastKnownFileType = wrapper.framework; name = AppKit.framework; path = System/Library/Frameworks/AppKit.framework; sourceTree = SDKROOT; };
		629EBB9E17948B870022F845 /* CoreData.framework */ = {isa = PBXFileReference; lastKnownFileType = wrapper.framework; name = CoreData.framework; path = System/Library/Frameworks/CoreData.framework; sourceTree = SDKROOT; };
		629EBB9F17948B870022F845 /* Foundation.framework */ = {isa = PBXFileReference; lastKnownFileType = wrapper.framework; name = Foundation.framework; path = System/Library/Frameworks/Foundation.framework; sourceTree = SDKROOT; };
		629EBBA217948B870022F845 /* SampleDocument-Info.plist */ = {isa = PBXFileReference; lastKnownFileType = text.plist.xml; path = "SampleDocument-Info.plist"; sourceTree = "<group>"; };
		629EBBA417948B870022F845 /* en */ = {isa = PBXFileReference; lastKnownFileType = text.plist.strings; name = en; path = en.lproj/InfoPlist.strings; sourceTree = "<group>"; };
		629EBBA617948B870022F845 /* main.m */ = {isa = PBXFileReference; lastKnownFileType = sourcecode.c.objc; path = main.m; sourceTree = "<group>"; };
		629EBBA817948B870022F845 /* SampleDocument-Prefix.pch */ = {isa = PBXFileReference; lastKnownFileType = sourcecode.c.h; path = "SampleDocument-Prefix.pch"; sourceTree = "<group>"; };
		629EBBAA17948B870022F845 /* en */ = {isa = PBXFileReference; lastKnownFileType = text.rtf; name = en; path = en.lproj/Credits.rtf; sourceTree = "<group>"; };
		629EBBAC17948B870022F845 /* Document.h */ = {isa = PBXFileReference; lastKnownFileType = sourcecode.c.h; path = Document.h; sourceTree = "<group>"; };
		629EBBAD17948B870022F845 /* Document.m */ = {isa = PBXFileReference; lastKnownFileType = sourcecode.c.objc; path = Document.m; sourceTree = "<group>"; };
		629EBBB017948B870022F845 /* en */ = {isa = PBXFileReference; lastKnownFileType = file.xib; name = en; path = en.lproj/Document.xib; sourceTree = "<group>"; };
		629EBBB317948B870022F845 /* en */ = {isa = PBXFileReference; lastKnownFileType = file.xib; name = en; path = en.lproj/MainMenu.xib; sourceTree = "<group>"; };
/* End PBXFileReference section */

/* Begin PBXFrameworksBuildPhase section */
		629EBB9417948B870022F845 /* Frameworks */ = {
			isa = PBXFrameworksBuildPhase;
			buildActionMask = 2147483647;
			files = (
				629EBB9B17948B870022F845 /* Cocoa.framework in Frameworks */,
			);
			runOnlyForDeploymentPostprocessing = 0;
		};
/* End PBXFrameworksBuildPhase section */

/* Begin PBXGroup section */
		629EBB8E17948B870022F845 = {
			isa = PBXGroup;
			children = (
				629EBBA017948B870022F845 /* SampleDocument */,
				629EBB9917948B870022F845 /* Frameworks */,
				629EBB9817948B870022F845 /* Products */,
			);
			sourceTree = "<group>";
		};
		629EBB9817948B870022F845 /* Products */ = {
			isa = PBXGroup;
			children = (
				629EBB9717948B870022F845 /* SampleDocument.app */,
			);
			name = Products;
			sourceTree = "<group>";
		};
		629EBB9917948B870022F845 /* Frameworks */ = {
			isa = PBXGroup;
			children = (
				629EBB9A17948B870022F845 /* Cocoa.framework */,
				629EBB9C17948B870022F845 /* Other Frameworks */,
			);
			name = Frameworks;
			sourceTree = "<group>";
		};
		629EBB9C17948B870022F845 /* Other Frameworks */ = {
			isa = PBXGroup;
			children = (
				629EBB9D17948B870022F845 /* AppKit.framework */,
				629EBB9E17948B870022F845 /* CoreData.framework */,
				629EBB9F17948B870022F845 /* Foundation.framework */,
			);
			name = "Other Frameworks";
			sourceTree = "<group>";
		};
		629EBBA017948B870022F845 /* SampleDocument */ = {
			isa = PBXGroup;
			children = (
				629EBBAC17948B870022F845 /* Document.h */,
				629EBBAD17948B870022F845 /* Document.m */,
				629EBBAF17948B870022F845 /* Document.xib */,
				629EBBB217948B870022F845 /* MainMenu.xib */,
				629EBBA117948B870022F845 /* Supporting Files */,
			);
			path = SampleDocument;
			sourceTree = "<group>";
		};
		629EBBA117948B870022F845 /* Supporting Files */ = {
			isa = PBXGroup;
			children = (
				629EBBA217948B870022F845 /* SampleDocument-Info.plist */,
				629EBBA317948B870022F845 /* InfoPlist.strings */,
				629EBBA617948B870022F845 /* main.m */,
				629EBBA817948B870022F845 /* SampleDocument-Prefix.pch */,
				629EBBA917948B870022F845 /* Credits.rtf */,
			);
			name = "Supporting Files";
			sourceTree = "<group>";
		};
/* End PBXGroup section */

/* Begin PBXNativeTarget section */
		629EBB9617948B870022F845 /* SampleDocument */ = {
			isa = PBXNativeTarget;
			buildConfigurationList = 629EBBB717948B870022F845 /* Build configuration list for PBXNativeTarget "SampleDocument" */;
			buildPhases = (
				629EBB9317948B870022F845 /* Sources */,
				629EBB9417948B870022F845 /* Frameworks */,
				629EBB9517948B870022F845 /* Resources */,
			);
			buildRules = (
			);
			dependencies = (
			);
			name = SampleDocument;
			productName = SampleDocument;
			productReference = 629EBB9717948B870022F845 /* SampleDocument.app */;
			productType = "com.apple.product-type.application";
		};
/* End PBXNativeTarget section */

/* Begin PBXProject section */
		629EBB8F17948B870022F845 /* Project object */ = {
			isa = PBXProject;
			attributes = {
				LastUpgradeCheck = 0460;
				ORGANIZATIONNAME = "Syd Polk";
			};
			buildConfigurationList = 629EBB9217948B870022F845 /* Build configuration list for PBXProject "SampleDocument" */;
			compatibilityVersion = "Xcode 3.2";
			developmentRegion = English;
			hasScannedForEncodings = 0;
			knownRegions = (
				en,
			);
			mainGroup = 629EBB8E17948B870022F845;
			productRefGroup = 629EBB9817948B870022F845 /* Products */;
			projectDirPath = "";
			projectRoot = "";
			targets = (
				629EBB9617948B870022F845 /* SampleDocument */,
			);
		};
/* End PBXProject section */

/* Begin PBXResourcesBuildPhase section */
		629EBB9517948B870022F845 /* Resources */ = {
			isa = PBXResourcesBuildPhase;
			buildActionMask = 2147483647;
			files = (
				629EBBA517948B870022F845 /* InfoPlist.strings in Resources */,
				629EBBAB17948B870022F845 /* Credits.rtf in Resources */,
				629EBBB117948B870022F845 /* Document.xib in Resources */,
				629EBBB417948B870022F845 /* MainMenu.xib in Resources */,
			);
			runOnlyForDeploymentPostprocessing = 0;
		};
/* End PBXResourcesBuildPhase section */

/* Begin PBXSourcesBuildPhase section */
		629EBB9317948B870022F845 /* Sources */ = {
			isa = PBXSourcesBuildPhase;
			buildActionMask = 2147483647;
			files = (
				629EBBA717948B870022F845 /* main.m in Sources */,
				629EBBAE17948B870022F845 /* Document.m in Sources */,
			);
			runOnlyForDeploymentPostprocessing = 0;
		};
/* End PBXSourcesBuildPhase section */

/* Begin PBXVariantGroup section */
		629EBBA317948B870022F845 /* InfoPlist.strings */ = {
			isa = PBXVariantGroup;
			children = (
				629EBBA417948B870022F845 /* en */,
			);
			name = InfoPlist.strings;
			sourceTree = "<group>";
		};
		629EBBA917948B870022F845 /* Credits.rtf */ = {
			isa = PBXVariantGroup;
			children = (
				629EBBAA17948B870022F845 /* en */,
			);
			name = Credits.rtf;
			sourceTree = "<group>";
		};
		629EBBAF17948B870022F845 /* Document.xib */ = {
			isa = PBXVariantGroup;
			children = (
				629EBBB017948B870022F845 /* en */,
			);
			name = Document.xib;
			sourceTree = "<group>";
		};
		629EBBB217948B870022F845 /* MainMenu.xib */ = {
			isa = PBXVariantGroup;
			children = (
				629EBBB317948B870022F845 /* en */,
			);
			name = MainMenu.xib;
			sourceTree = "<group>";
		};
/* End PBXVariantGroup section */

/* Begin XCBuildConfiguration section */
		629EBBB517948B870022F845 /* Debug */ = {
			isa = XCBuildConfiguration;
			buildSettings = {
				ALWAYS_SEARCH_USER_PATHS = NO;
				ARCHS = "$(ARCHS_STANDARD_64_BIT)";
				CLANG_CXX_LANGUAGE_STANDARD = "gnu++0x";
				CLANG_CXX_LIBRARY = "libc++";
				CLANG_ENABLE_OBJC_ARC = YES;
				CLANG_WARN_CONSTANT_CONVERSION = YES;
				CLANG_WARN_EMPTY_BODY = YES;
				CLANG_WARN_ENUM_CONVERSION = YES;
				CLANG_WARN_INT_CONVERSION = YES;
				CLANG_WARN__DUPLICATE_METHOD_MATCH = YES;
				COPY_PHASE_STRIP = NO;
				GCC_C_LANGUAGE_STANDARD = gnu99;
				GCC_DYNAMIC_NO_PIC = NO;
				GCC_ENABLE_OBJC_EXCEPTIONS = YES;
				GCC_OPTIMIZATION_LEVEL = 0;
				GCC_PREPROCESSOR_DEFINITIONS = (
					"DEBUG=1",
					"$(inherited)",
				);
				GCC_SYMBOLS_PRIVATE_EXTERN = NO;
				GCC_WARN_64_TO_32_BIT_CONVERSION = YES;
				GCC_WARN_ABOUT_RETURN_TYPE = YES;
				GCC_WARN_UNINITIALIZED_AUTOS = YES;
				GCC_WARN_UNUSED_VARIABLE = YES;
				MACOSX_DEPLOYMENT_TARGET = 10.8;
				ONLY_ACTIVE_ARCH = YES;
				SDKROOT = macosx;
			};
			name = Debug;
		};
		629EBBB617948B870022F845 /* Release */ = {
			isa = XCBuildConfiguration;
			buildSettings = {
				ALWAYS_SEARCH_USER_PATHS = NO;
				ARCHS = "$(ARCHS_STANDARD_64_BIT)";
				CLANG_CXX_LANGUAGE_STANDARD = "gnu++0x";
				CLANG_CXX_LIBRARY = "libc++";
				CLANG_ENABLE_OBJC_ARC = YES;
				CLANG_WARN_CONSTANT_CONVERSION = YES;
				CLANG_WARN_EMPTY_BODY = YES;
				CLANG_WARN_ENUM_CONVERSION = YES;
				CLANG_WARN_INT_CONVERSION = YES;
				CLANG_WARN__DUPLICATE_METHOD_MATCH = YES;
				COPY_PHASE_STRIP = YES;
				DEBUG_INFORMATION_FORMAT = "dwarf-with-dsym";
				GCC_C_LANGUAGE_STANDARD = gnu99;
				GCC_ENABLE_OBJC_EXCEPTIONS = YES;
				GCC_WARN_64_TO_32_BIT_CONVERSION = YES;
				GCC_WARN_ABOUT_RETURN_TYPE = YES;
				GCC_WARN_UNINITIALIZED_AUTOS = YES;
				GCC_WARN_UNUSED_VARIABLE = YES;
				MACOSX_DEPLOYMENT_TARGET = 10.8;
				SDKROOT = macosx;
			};
			name = Release;
		};
		629EBBB817948B870022F845 /* Debug */ = {
			isa = XCBuildConfiguration;
			buildSettings = {
				COMBINE_HIDPI_IMAGES = YES;
				GCC_PRECOMPILE_PREFIX_HEADER = YES;
				GCC_PREFIX_HEADER = "SampleDocument/SampleDocument-Prefix.pch";
				INFOPLIST_FILE = "SampleDocument/SampleDocument-Info.plist";
				PRODUCT_NAME = "$(TARGET_NAME)";
				WRAPPER_EXTENSION = app;
			};
			name = Debug;
		};
		629EBBB917948B870022F845 /* Release */ = {
			isa = XCBuildConfiguration;
			buildSettings = {
				COMBINE_HIDPI_IMAGES = YES;
				GCC_PRECOMPILE_PREFIX_HEADER = YES;
				GCC_PREFIX_HEADER = "SampleDocument/SampleDocument-Prefix.pch";
				INFOPLIST_FILE = "SampleDocument/SampleDocument-Info.plist";
				PRODUCT_NAME = "$(TARGET_NAME)";
				WRAPPER_EXTENSION = app;
			};
			name = Release;
		};
/* End XCBuildConfiguration section */

/* Begin XCConfigurationList section */
		629EBB9217948B870022F845 /* Build configuration list for PBXProject "SampleDocument" */ = {
			isa = XCConfigurationList;
			buildConfigurations = (
				629EBBB517948B870022F845 /* Debug */,
				629EBBB617948B870022F845 /* Release */,
			);
			defaultConfigurationIsVisible = 0;
			defaultConfigurationName = Release;
		};
		629EBBB717948B870022F845 /* Build configuration list for PBXNativeTarget "SampleDocument" */ = {
			isa = XCConfigurationList;
			buildConfigurations = (
				629EBBB817948B870022F845 /* Debug */,
				629EBBB917948B870022F845 /* Release */,
			);
			defaultConfigurationIsVisible = 0;
		};
/* End XCConfigurationList section */
	};
	rootObject = 629EBB8F17948B870022F845 /* Project object */;
}
