// !$*UTF8*$!
{
	archiveVersion = 1;
	classes = {
	};
	objectVersion = 46;
	objects = {

/* Begin PBXBuildFile section */
		623E0BDB1D5AA96B00EA4B70 /* main.m in Sources */ = {isa = PBXBuildFile; fileRef = 623E0BDA1D5AA96B00EA4B70 /* main.m */; };
		623E0BDE1D5AA96B00EA4B70 /* AppDelegate.m in Sources */ = {isa = PBXBuildFile; fileRef = 623E0BDD1D5AA96B00EA4B70 /* AppDelegate.m */; };
		623E0BE11D5AA96B00EA4B70 /* MasterDetailObjC.xcdatamodeld in Sources */ = {isa = PBXBuildFile; fileRef = 623E0BDF1D5AA96B00EA4B70 /* MasterDetailObjC.xcdatamodeld */; };
		623E0BE41D5AA96B00EA4B70 /* MasterViewController.m in Sources */ = {isa = PBXBuildFile; fileRef = 623E0BE31D5AA96B00EA4B70 /* MasterViewController.m */; };
		623E0BE71D5AA96B00EA4B70 /* DetailViewController.m in Sources */ = {isa = PBXBuildFile; fileRef = 623E0BE61D5AA96B00EA4B70 /* DetailViewController.m */; };
		623E0BEA1D5AA96B00EA4B70 /* Main.storyboard in Resources */ = {isa = PBXBuildFile; fileRef = 623E0BE81D5AA96B00EA4B70 /* Main.storyboard */; };
		623E0BEC1D5AA96B00EA4B70 /* Assets.xcassets in Resources */ = {isa = PBXBuildFile; fileRef = 623E0BEB1D5AA96B00EA4B70 /* Assets.xcassets */; };
		623E0BEF1D5AA96B00EA4B70 /* LaunchScreen.storyboard in Resources */ = {isa = PBXBuildFile; fileRef = 623E0BED1D5AA96B00EA4B70 /* LaunchScreen.storyboard */; };
		623E0BFA1D5AA96B00EA4B70 /* MasterDetailObjCTests.m in Sources */ = {isa = PBXBuildFile; fileRef = 623E0BF91D5AA96B00EA4B70 /* MasterDetailObjCTests.m */; };
		623E0C051D5AA96B00EA4B70 /* MasterDetailObjCUITests.m in Sources */ = {isa = PBXBuildFile; fileRef = 623E0C041D5AA96B00EA4B70 /* MasterDetailObjCUITests.m */; };
/* End PBXBuildFile section */

/* Begin PBXContainerItemProxy section */
		623E0BF61D5AA96B00EA4B70 /* PBXContainerItemProxy */ = {
			isa = PBXContainerItemProxy;
			containerPortal = 623E0BCE1D5AA96B00EA4B70 /* Project object */;
			proxyType = 1;
			remoteGlobalIDString = 623E0BD51D5AA96B00EA4B70;
			remoteInfo = MasterDetailObjC;
		};
		623E0C011D5AA96B00EA4B70 /* PBXContainerItemProxy */ = {
			isa = PBXContainerItemProxy;
			containerPortal = 623E0BCE1D5AA96B00EA4B70 /* Project object */;
			proxyType = 1;
			remoteGlobalIDString = 623E0BD51D5AA96B00EA4B70;
			remoteInfo = MasterDetailObjC;
		};
/* End PBXContainerItemProxy section */

/* Begin PBXFileReference section */
		623E0BD61D5AA96B00EA4B70 /* MasterDetailObjC.app */ = {isa = PBXFileReference; explicitFileType = wrapper.application; includeInIndex = 0; path = MasterDetailObjC.app; sourceTree = BUILT_PRODUCTS_DIR; };
		623E0BDA1D5AA96B00EA4B70 /* main.m */ = {isa = PBXFileReference; lastKnownFileType = sourcecode.c.objc; path = main.m; sourceTree = "<group>"; };
		623E0BDC1D5AA96B00EA4B70 /* AppDelegate.h */ = {isa = PBXFileReference; lastKnownFileType = sourcecode.c.h; path = AppDelegate.h; sourceTree = "<group>"; };
		623E0BDD1D5AA96B00EA4B70 /* AppDelegate.m */ = {isa = PBXFileReference; lastKnownFileType = sourcecode.c.objc; path = AppDelegate.m; sourceTree = "<group>"; };
		623E0BE01D5AA96B00EA4B70 /* MasterDetailObjC.xcdatamodel */ = {isa = PBXFileReference; lastKnownFileType = wrapper.xcdatamodel; path = MasterDetailObjC.xcdatamodel; sourceTree = "<group>"; };
		623E0BE21D5AA96B00EA4B70 /* MasterViewController.h */ = {isa = PBXFileReference; lastKnownFileType = sourcecode.c.h; path = MasterViewController.h; sourceTree = "<group>"; };
		623E0BE31D5AA96B00EA4B70 /* MasterViewController.m */ = {isa = PBXFileReference; lastKnownFileType = sourcecode.c.objc; path = MasterViewController.m; sourceTree = "<group>"; };
		623E0BE51D5AA96B00EA4B70 /* DetailViewController.h */ = {isa = PBXFileReference; lastKnownFileType = sourcecode.c.h; path = DetailViewController.h; sourceTree = "<group>"; };
		623E0BE61D5AA96B00EA4B70 /* DetailViewController.m */ = {isa = PBXFileReference; lastKnownFileType = sourcecode.c.objc; path = DetailViewController.m; sourceTree = "<group>"; };
		623E0BE91D5AA96B00EA4B70 /* Base */ = {isa = PBXFileReference; lastKnownFileType = file.storyboard; name = Base; path = Base.lproj/Main.storyboard; sourceTree = "<group>"; };
		623E0BEB1D5AA96B00EA4B70 /* Assets.xcassets */ = {isa = PBXFileReference; lastKnownFileType = folder.assetcatalog; path = Assets.xcassets; sourceTree = "<group>"; };
		623E0BEE1D5AA96B00EA4B70 /* Base */ = {isa = PBXFileReference; lastKnownFileType = file.storyboard; name = Base; path = Base.lproj/LaunchScreen.storyboard; sourceTree = "<group>"; };
		623E0BF01D5AA96B00EA4B70 /* Info.plist */ = {isa = PBXFileReference; lastKnownFileType = text.plist.xml; path = Info.plist; sourceTree = "<group>"; };
		623E0BF51D5AA96B00EA4B70 /* MasterDetailObjCTests.xctest */ = {isa = PBXFileReference; explicitFileType = wrapper.cfbundle; includeInIndex = 0; path = MasterDetailObjCTests.xctest; sourceTree = BUILT_PRODUCTS_DIR; };
		623E0BF91D5AA96B00EA4B70 /* MasterDetailObjCTests.m */ = {isa = PBXFileReference; lastKnownFileType = sourcecode.c.objc; path = MasterDetailObjCTests.m; sourceTree = "<group>"; };
		623E0BFB1D5AA96B00EA4B70 /* Info.plist */ = {isa = PBXFileReference; lastKnownFileType = text.plist.xml; path = Info.plist; sourceTree = "<group>"; };
		623E0C001D5AA96B00EA4B70 /* MasterDetailObjCUITests.xctest */ = {isa = PBXFileReference; explicitFileType = wrapper.cfbundle; includeInIndex = 0; path = MasterDetailObjCUITests.xctest; sourceTree = BUILT_PRODUCTS_DIR; };
		623E0C041D5AA96B00EA4B70 /* MasterDetailObjCUITests.m */ = {isa = PBXFileReference; lastKnownFileType = sourcecode.c.objc; path = MasterDetailObjCUITests.m; sourceTree = "<group>"; };
		623E0C061D5AA96B00EA4B70 /* Info.plist */ = {isa = PBXFileReference; lastKnownFileType = text.plist.xml; path = Info.plist; sourceTree = "<group>"; };
/* End PBXFileReference section */

/* Begin PBXFrameworksBuildPhase section */
		623E0BD31D5AA96B00EA4B70 /* Frameworks */ = {
			isa = PBXFrameworksBuildPhase;
			buildActionMask = 2147483647;
			files = (
			);
			runOnlyForDeploymentPostprocessing = 0;
		};
		623E0BF21D5AA96B00EA4B70 /* Frameworks */ = {
			isa = PBXFrameworksBuildPhase;
			buildActionMask = 2147483647;
			files = (
			);
			runOnlyForDeploymentPostprocessing = 0;
		};
		623E0BFD1D5AA96B00EA4B70 /* Frameworks */ = {
			isa = PBXFrameworksBuildPhase;
			buildActionMask = 2147483647;
			files = (
			);
			runOnlyForDeploymentPostprocessing = 0;
		};
/* End PBXFrameworksBuildPhase section */

/* Begin PBXGroup section */
		623E0BCD1D5AA96B00EA4B70 = {
			isa = PBXGroup;
			children = (
				623E0BD81D5AA96B00EA4B70 /* MasterDetailObjC */,
				623E0BF81D5AA96B00EA4B70 /* MasterDetailObjCTests */,
				623E0C031D5AA96B00EA4B70 /* MasterDetailObjCUITests */,
				623E0BD71D5AA96B00EA4B70 /* Products */,
			);
			sourceTree = "<group>";
		};
		623E0BD71D5AA96B00EA4B70 /* Products */ = {
			isa = PBXGroup;
			children = (
				623E0BD61D5AA96B00EA4B70 /* MasterDetailObjC.app */,
				623E0BF51D5AA96B00EA4B70 /* MasterDetailObjCTests.xctest */,
				623E0C001D5AA96B00EA4B70 /* MasterDetailObjCUITests.xctest */,
			);
			name = Products;
			sourceTree = "<group>";
		};
		623E0BD81D5AA96B00EA4B70 /* MasterDetailObjC */ = {
			isa = PBXGroup;
			children = (
				623E0BDC1D5AA96B00EA4B70 /* AppDelegate.h */,
				623E0BDD1D5AA96B00EA4B70 /* AppDelegate.m */,
				623E0BE21D5AA96B00EA4B70 /* MasterViewController.h */,
				623E0BE31D5AA96B00EA4B70 /* MasterViewController.m */,
				623E0BE51D5AA96B00EA4B70 /* DetailViewController.h */,
				623E0BE61D5AA96B00EA4B70 /* DetailViewController.m */,
				623E0BE81D5AA96B00EA4B70 /* Main.storyboard */,
				623E0BEB1D5AA96B00EA4B70 /* Assets.xcassets */,
				623E0BED1D5AA96B00EA4B70 /* LaunchScreen.storyboard */,
				623E0BF01D5AA96B00EA4B70 /* Info.plist */,
				623E0BDF1D5AA96B00EA4B70 /* MasterDetailObjC.xcdatamodeld */,
				623E0BD91D5AA96B00EA4B70 /* Supporting Files */,
			);
			path = MasterDetailObjC;
			sourceTree = "<group>";
		};
		623E0BD91D5AA96B00EA4B70 /* Supporting Files */ = {
			isa = PBXGroup;
			children = (
				623E0BDA1D5AA96B00EA4B70 /* main.m */,
			);
			name = "Supporting Files";
			sourceTree = "<group>";
		};
		623E0BF81D5AA96B00EA4B70 /* MasterDetailObjCTests */ = {
			isa = PBXGroup;
			children = (
				623E0BF91D5AA96B00EA4B70 /* MasterDetailObjCTests.m */,
				623E0BFB1D5AA96B00EA4B70 /* Info.plist */,
			);
			path = MasterDetailObjCTests;
			sourceTree = "<group>";
		};
		623E0C031D5AA96B00EA4B70 /* MasterDetailObjCUITests */ = {
			isa = PBXGroup;
			children = (
				623E0C041D5AA96B00EA4B70 /* MasterDetailObjCUITests.m */,
				623E0C061D5AA96B00EA4B70 /* Info.plist */,
			);
			path = MasterDetailObjCUITests;
			sourceTree = "<group>";
		};
/* End PBXGroup section */

/* Begin PBXNativeTarget section */
		623E0BD51D5AA96B00EA4B70 /* MasterDetailObjC */ = {
			isa = PBXNativeTarget;
			buildConfigurationList = 623E0C091D5AA96B00EA4B70 /* Build configuration list for PBXNativeTarget "MasterDetailObjC" */;
			buildPhases = (
				623E0BD21D5AA96B00EA4B70 /* Sources */,
				623E0BD31D5AA96B00EA4B70 /* Frameworks */,
				623E0BD41D5AA96B00EA4B70 /* Resources */,
			);
			buildRules = (
			);
			dependencies = (
			);
			name = MasterDetailObjC;
			productName = MasterDetailObjC;
			productReference = 623E0BD61D5AA96B00EA4B70 /* MasterDetailObjC.app */;
			productType = "com.apple.product-type.application";
		};
		623E0BF41D5AA96B00EA4B70 /* MasterDetailObjCTests */ = {
			isa = PBXNativeTarget;
			buildConfigurationList = 623E0C0C1D5AA96B00EA4B70 /* Build configuration list for PBXNativeTarget "MasterDetailObjCTests" */;
			buildPhases = (
				623E0BF11D5AA96B00EA4B70 /* Sources */,
				623E0BF21D5AA96B00EA4B70 /* Frameworks */,
				623E0BF31D5AA96B00EA4B70 /* Resources */,
			);
			buildRules = (
			);
			dependencies = (
				623E0BF71D5AA96B00EA4B70 /* PBXTargetDependency */,
			);
			name = MasterDetailObjCTests;
			productName = MasterDetailObjCTests;
			productReference = 623E0BF51D5AA96B00EA4B70 /* MasterDetailObjCTests.xctest */;
			productType = "com.apple.product-type.bundle.unit-test";
		};
		623E0BFF1D5AA96B00EA4B70 /* MasterDetailObjCUITests */ = {
			isa = PBXNativeTarget;
			buildConfigurationList = 623E0C0F1D5AA96B00EA4B70 /* Build configuration list for PBXNativeTarget "MasterDetailObjCUITests" */;
			buildPhases = (
				623E0BFC1D5AA96B00EA4B70 /* Sources */,
				623E0BFD1D5AA96B00EA4B70 /* Frameworks */,
				623E0BFE1D5AA96B00EA4B70 /* Resources */,
			);
			buildRules = (
			);
			dependencies = (
				623E0C021D5AA96B00EA4B70 /* PBXTargetDependency */,
			);
			name = MasterDetailObjCUITests;
			productName = MasterDetailObjCUITests;
			productReference = 623E0C001D5AA96B00EA4B70 /* MasterDetailObjCUITests.xctest */;
			productType = "com.apple.product-type.bundle.ui-testing";
		};
/* End PBXNativeTarget section */

/* Begin PBXProject section */
		623E0BCE1D5AA96B00EA4B70 /* Project object */ = {
			isa = PBXProject;
			attributes = {
				LastUpgradeCheck = 0800;
				ORGANIZATIONNAME = "Syd Polk";
				TargetAttributes = {
					623E0BD51D5AA96B00EA4B70 = {
						CreatedOnToolsVersion = 8.0;
						DevelopmentTeam = R5PQPZARC5;
						ProvisioningStyle = Automatic;
					};
					623E0BF41D5AA96B00EA4B70 = {
						CreatedOnToolsVersion = 8.0;
						DevelopmentTeam = R5PQPZARC5;
						ProvisioningStyle = Automatic;
						TestTargetID = 623E0BD51D5AA96B00EA4B70;
					};
					623E0BFF1D5AA96B00EA4B70 = {
						CreatedOnToolsVersion = 8.0;
						DevelopmentTeam = R5PQPZARC5;
						ProvisioningStyle = Automatic;
						TestTargetID = 623E0BD51D5AA96B00EA4B70;
					};
				};
			};
			buildConfigurationList = 623E0BD11D5AA96B00EA4B70 /* Build configuration list for PBXProject "MasterDetailObjC" */;
			compatibilityVersion = "Xcode 3.2";
			developmentRegion = English;
			hasScannedForEncodings = 0;
			knownRegions = (
				en,
				Base,
			);
			mainGroup = 623E0BCD1D5AA96B00EA4B70;
			productRefGroup = 623E0BD71D5AA96B00EA4B70 /* Products */;
			projectDirPath = "";
			projectRoot = "";
			targets = (
				623E0BD51D5AA96B00EA4B70 /* MasterDetailObjC */,
				623E0BF41D5AA96B00EA4B70 /* MasterDetailObjCTests */,
				623E0BFF1D5AA96B00EA4B70 /* MasterDetailObjCUITests */,
			);
		};
/* End PBXProject section */

/* Begin PBXResourcesBuildPhase section */
		623E0BD41D5AA96B00EA4B70 /* Resources */ = {
			isa = PBXResourcesBuildPhase;
			buildActionMask = 2147483647;
			files = (
				623E0BEF1D5AA96B00EA4B70 /* LaunchScreen.storyboard in Resources */,
				623E0BEC1D5AA96B00EA4B70 /* Assets.xcassets in Resources */,
				623E0BEA1D5AA96B00EA4B70 /* Main.storyboard in Resources */,
			);
			runOnlyForDeploymentPostprocessing = 0;
		};
		623E0BF31D5AA96B00EA4B70 /* Resources */ = {
			isa = PBXResourcesBuildPhase;
			buildActionMask = 2147483647;
			files = (
			);
			runOnlyForDeploymentPostprocessing = 0;
		};
		623E0BFE1D5AA96B00EA4B70 /* Resources */ = {
			isa = PBXResourcesBuildPhase;
			buildActionMask = 2147483647;
			files = (
			);
			runOnlyForDeploymentPostprocessing = 0;
		};
/* End PBXResourcesBuildPhase section */

/* Begin PBXSourcesBuildPhase section */
		623E0BD21D5AA96B00EA4B70 /* Sources */ = {
			isa = PBXSourcesBuildPhase;
			buildActionMask = 2147483647;
			files = (
				623E0BE71D5AA96B00EA4B70 /* DetailViewController.m in Sources */,
				623E0BE41D5AA96B00EA4B70 /* MasterViewController.m in Sources */,
				623E0BDE1D5AA96B00EA4B70 /* AppDelegate.m in Sources */,
				623E0BDB1D5AA96B00EA4B70 /* main.m in Sources */,
				623E0BE11D5AA96B00EA4B70 /* MasterDetailObjC.xcdatamodeld in Sources */,
			);
			runOnlyForDeploymentPostprocessing = 0;
		};
		623E0BF11D5AA96B00EA4B70 /* Sources */ = {
			isa = PBXSourcesBuildPhase;
			buildActionMask = 2147483647;
			files = (
				623E0BFA1D5AA96B00EA4B70 /* MasterDetailObjCTests.m in Sources */,
			);
			runOnlyForDeploymentPostprocessing = 0;
		};
		623E0BFC1D5AA96B00EA4B70 /* Sources */ = {
			isa = PBXSourcesBuildPhase;
			buildActionMask = 2147483647;
			files = (
				623E0C051D5AA96B00EA4B70 /* MasterDetailObjCUITests.m in Sources */,
			);
			runOnlyForDeploymentPostprocessing = 0;
		};
/* End PBXSourcesBuildPhase section */

/* Begin PBXTargetDependency section */
		623E0BF71D5AA96B00EA4B70 /* PBXTargetDependency */ = {
			isa = PBXTargetDependency;
			target = 623E0BD51D5AA96B00EA4B70 /* MasterDetailObjC */;
			targetProxy = 623E0BF61D5AA96B00EA4B70 /* PBXContainerItemProxy */;
		};
		623E0C021D5AA96B00EA4B70 /* PBXTargetDependency */ = {
			isa = PBXTargetDependency;
			target = 623E0BD51D5AA96B00EA4B70 /* MasterDetailObjC */;
			targetProxy = 623E0C011D5AA96B00EA4B70 /* PBXContainerItemProxy */;
		};
/* End PBXTargetDependency section */

/* Begin PBXVariantGroup section */
		623E0BE81D5AA96B00EA4B70 /* Main.storyboard */ = {
			isa = PBXVariantGroup;
			children = (
				623E0BE91D5AA96B00EA4B70 /* Base */,
			);
			name = Main.storyboard;
			sourceTree = "<group>";
		};
		623E0BED1D5AA96B00EA4B70 /* LaunchScreen.storyboard */ = {
			isa = PBXVariantGroup;
			children = (
				623E0BEE1D5AA96B00EA4B70 /* Base */,
			);
			name = LaunchScreen.storyboard;
			sourceTree = "<group>";
		};
/* End PBXVariantGroup section */

/* Begin XCBuildConfiguration section */
		623E0C071D5AA96B00EA4B70 /* Debug */ = {
			isa = XCBuildConfiguration;
			buildSettings = {
				ALWAYS_SEARCH_USER_PATHS = NO;
				CLANG_ANALYZER_NONNULL = YES;
				CLANG_CXX_LANGUAGE_STANDARD = "gnu++0x";
				CLANG_CXX_LIBRARY = "libc++";
				CLANG_ENABLE_MODULES = YES;
				CLANG_ENABLE_OBJC_ARC = YES;
				CLANG_WARN_BOOL_CONVERSION = YES;
				CLANG_WARN_CONSTANT_CONVERSION = YES;
				CLANG_WARN_DIRECT_OBJC_ISA_USAGE = YES_ERROR;
				CLANG_WARN_DOCUMENTATION_COMMENTS = YES;
				CLANG_WARN_EMPTY_BODY = YES;
				CLANG_WARN_ENUM_CONVERSION = YES;
				CLANG_WARN_INFINITE_RECURSION = YES;
				CLANG_WARN_INT_CONVERSION = YES;
				CLANG_WARN_OBJC_ROOT_CLASS = YES_ERROR;
				CLANG_WARN_SUSPICIOUS_MOVES = YES;
				CLANG_WARN_UNREACHABLE_CODE = YES;
				CLANG_WARN__DUPLICATE_METHOD_MATCH = YES;
				"CODE_SIGN_IDENTITY[sdk=iphoneos*]" = "iPhone Developer";
				COPY_PHASE_STRIP = NO;
				DEBUG_INFORMATION_FORMAT = dwarf;
				ENABLE_STRICT_OBJC_MSGSEND = YES;
				ENABLE_TESTABILITY = YES;
				GCC_C_LANGUAGE_STANDARD = gnu99;
				GCC_DYNAMIC_NO_PIC = NO;
				GCC_NO_COMMON_BLOCKS = YES;
				GCC_OPTIMIZATION_LEVEL = 0;
				GCC_PREPROCESSOR_DEFINITIONS = (
					"DEBUG=1",
					"$(inherited)",
				);
				GCC_WARN_64_TO_32_BIT_CONVERSION = YES;
				GCC_WARN_ABOUT_RETURN_TYPE = YES_ERROR;
				GCC_WARN_UNDECLARED_SELECTOR = YES;
				GCC_WARN_UNINITIALIZED_AUTOS = YES_AGGRESSIVE;
				GCC_WARN_UNUSED_FUNCTION = YES;
				GCC_WARN_UNUSED_VARIABLE = YES;
				IPHONEOS_DEPLOYMENT_TARGET = 10.0;
				MTL_ENABLE_DEBUG_INFO = YES;
				ONLY_ACTIVE_ARCH = YES;
				SDKROOT = iphoneos;
				TARGETED_DEVICE_FAMILY = "1,2";
			};
			name = Debug;
		};
		623E0C081D5AA96B00EA4B70 /* Release */ = {
			isa = XCBuildConfiguration;
			buildSettings = {
				ALWAYS_SEARCH_USER_PATHS = NO;
				CLANG_ANALYZER_NONNULL = YES;
				CLANG_CXX_LANGUAGE_STANDARD = "gnu++0x";
				CLANG_CXX_LIBRARY = "libc++";
				CLANG_ENABLE_MODULES = YES;
				CLANG_ENABLE_OBJC_ARC = YES;
				CLANG_WARN_BOOL_CONVERSION = YES;
				CLANG_WARN_CONSTANT_CONVERSION = YES;
				CLANG_WARN_DIRECT_OBJC_ISA_USAGE = YES_ERROR;
				CLANG_WARN_DOCUMENTATION_COMMENTS = YES;
				CLANG_WARN_EMPTY_BODY = YES;
				CLANG_WARN_ENUM_CONVERSION = YES;
				CLANG_WARN_INFINITE_RECURSION = YES;
				CLANG_WARN_INT_CONVERSION = YES;
				CLANG_WARN_OBJC_ROOT_CLASS = YES_ERROR;
				CLANG_WARN_SUSPICIOUS_MOVES = YES;
				CLANG_WARN_UNREACHABLE_CODE = YES;
				CLANG_WARN__DUPLICATE_METHOD_MATCH = YES;
				"CODE_SIGN_IDENTITY[sdk=iphoneos*]" = "iPhone Developer";
				COPY_PHASE_STRIP = NO;
				DEBUG_INFORMATION_FORMAT = "dwarf-with-dsym";
				ENABLE_NS_ASSERTIONS = NO;
				ENABLE_STRICT_OBJC_MSGSEND = YES;
				GCC_C_LANGUAGE_STANDARD = gnu99;
				GCC_NO_COMMON_BLOCKS = YES;
				GCC_WARN_64_TO_32_BIT_CONVERSION = YES;
				GCC_WARN_ABOUT_RETURN_TYPE = YES_ERROR;
				GCC_WARN_UNDECLARED_SELECTOR = YES;
				GCC_WARN_UNINITIALIZED_AUTOS = YES_AGGRESSIVE;
				GCC_WARN_UNUSED_FUNCTION = YES;
				GCC_WARN_UNUSED_VARIABLE = YES;
				IPHONEOS_DEPLOYMENT_TARGET = 10.0;
				MTL_ENABLE_DEBUG_INFO = NO;
				SDKROOT = iphoneos;
				TARGETED_DEVICE_FAMILY = "1,2";
				VALIDATE_PRODUCT = YES;
			};
			name = Release;
		};
		623E0C0A1D5AA96B00EA4B70 /* Debug */ = {
			isa = XCBuildConfiguration;
			buildSettings = {
				ASSETCATALOG_COMPILER_APPICON_NAME = AppIcon;
				DEVELOPMENT_TEAM = R5PQPZARC5;
				INFOPLIST_FILE = MasterDetailObjC/Info.plist;
				LD_RUNPATH_SEARCH_PATHS = "$(inherited) @executable_path/Frameworks";
				PRODUCT_BUNDLE_IDENTIFIER = com.bonejarring.MasterDetailObjC;
				PRODUCT_NAME = "$(TARGET_NAME)";
			};
			name = Debug;
		};
		623E0C0B1D5AA96B00EA4B70 /* Release */ = {
			isa = XCBuildConfiguration;
			buildSettings = {
				ASSETCATALOG_COMPILER_APPICON_NAME = AppIcon;
				DEVELOPMENT_TEAM = R5PQPZARC5;
				INFOPLIST_FILE = MasterDetailObjC/Info.plist;
				LD_RUNPATH_SEARCH_PATHS = "$(inherited) @executable_path/Frameworks";
				PRODUCT_BUNDLE_IDENTIFIER = com.bonejarring.MasterDetailObjC;
				PRODUCT_NAME = "$(TARGET_NAME)";
			};
			name = Release;
		};
		623E0C0D1D5AA96B00EA4B70 /* Debug */ = {
			isa = XCBuildConfiguration;
			buildSettings = {
				BUNDLE_LOADER = "$(TEST_HOST)";
				DEVELOPMENT_TEAM = R5PQPZARC5;
				INFOPLIST_FILE = MasterDetailObjCTests/Info.plist;
				LD_RUNPATH_SEARCH_PATHS = "$(inherited) @executable_path/Frameworks @loader_path/Frameworks";
				PRODUCT_BUNDLE_IDENTIFIER = com.bonejarring.MasterDetailObjCTests;
				PRODUCT_NAME = "$(TARGET_NAME)";
				TEST_HOST = "$(BUILT_PRODUCTS_DIR)/MasterDetailObjC.app/MasterDetailObjC";
			};
			name = Debug;
		};
		623E0C0E1D5AA96B00EA4B70 /* Release */ = {
			isa = XCBuildConfiguration;
			buildSettings = {
				BUNDLE_LOADER = "$(TEST_HOST)";
				DEVELOPMENT_TEAM = R5PQPZARC5;
				INFOPLIST_FILE = MasterDetailObjCTests/Info.plist;
				LD_RUNPATH_SEARCH_PATHS = "$(inherited) @executable_path/Frameworks @loader_path/Frameworks";
				PRODUCT_BUNDLE_IDENTIFIER = com.bonejarring.MasterDetailObjCTests;
				PRODUCT_NAME = "$(TARGET_NAME)";
				TEST_HOST = "$(BUILT_PRODUCTS_DIR)/MasterDetailObjC.app/MasterDetailObjC";
			};
			name = Release;
		};
		623E0C101D5AA96B00EA4B70 /* Debug */ = {
			isa = XCBuildConfiguration;
			buildSettings = {
				DEVELOPMENT_TEAM = R5PQPZARC5;
				INFOPLIST_FILE = MasterDetailObjCUITests/Info.plist;
				LD_RUNPATH_SEARCH_PATHS = "$(inherited) @executable_path/Frameworks @loader_path/Frameworks";
				PRODUCT_BUNDLE_IDENTIFIER = com.bonejarring.MasterDetailObjCUITests;
				PRODUCT_NAME = "$(TARGET_NAME)";
				TEST_TARGET_NAME = MasterDetailObjC;
			};
			name = Debug;
		};
		623E0C111D5AA96B00EA4B70 /* Release */ = {
			isa = XCBuildConfiguration;
			buildSettings = {
				DEVELOPMENT_TEAM = R5PQPZARC5;
				INFOPLIST_FILE = MasterDetailObjCUITests/Info.plist;
				LD_RUNPATH_SEARCH_PATHS = "$(inherited) @executable_path/Frameworks @loader_path/Frameworks";
				PRODUCT_BUNDLE_IDENTIFIER = com.bonejarring.MasterDetailObjCUITests;
				PRODUCT_NAME = "$(TARGET_NAME)";
				TEST_TARGET_NAME = MasterDetailObjC;
			};
			name = Release;
		};
/* End XCBuildConfiguration section */

/* Begin XCConfigurationList section */
		623E0BD11D5AA96B00EA4B70 /* Build configuration list for PBXProject "MasterDetailObjC" */ = {
			isa = XCConfigurationList;
			buildConfigurations = (
				623E0C071D5AA96B00EA4B70 /* Debug */,
				623E0C081D5AA96B00EA4B70 /* Release */,
			);
			defaultConfigurationIsVisible = 0;
			defaultConfigurationName = Release;
		};
		623E0C091D5AA96B00EA4B70 /* Build configuration list for PBXNativeTarget "MasterDetailObjC" */ = {
			isa = XCConfigurationList;
			buildConfigurations = (
				623E0C0A1D5AA96B00EA4B70 /* Debug */,
				623E0C0B1D5AA96B00EA4B70 /* Release */,
			);
			defaultConfigurationIsVisible = 0;
		};
		623E0C0C1D5AA96B00EA4B70 /* Build configuration list for PBXNativeTarget "MasterDetailObjCTests" */ = {
			isa = XCConfigurationList;
			buildConfigurations = (
				623E0C0D1D5AA96B00EA4B70 /* Debug */,
				623E0C0E1D5AA96B00EA4B70 /* Release */,
			);
			defaultConfigurationIsVisible = 0;
		};
		623E0C0F1D5AA96B00EA4B70 /* Build configuration list for PBXNativeTarget "MasterDetailObjCUITests" */ = {
			isa = XCConfigurationList;
			buildConfigurations = (
				623E0C101D5AA96B00EA4B70 /* Debug */,
				623E0C111D5AA96B00EA4B70 /* Release */,
			);
			defaultConfigurationIsVisible = 0;
		};
/* End XCConfigurationList section */

/* Begin XCVersionGroup section */
		623E0BDF1D5AA96B00EA4B70 /* MasterDetailObjC.xcdatamodeld */ = {
			isa = XCVersionGroup;
			children = (
				623E0BE01D5AA96B00EA4B70 /* MasterDetailObjC.xcdatamodel */,
			);
			currentVersion = 623E0BE01D5AA96B00EA4B70 /* MasterDetailObjC.xcdatamodel */;
			path = MasterDetailObjC.xcdatamodeld;
			sourceTree = "<group>";
			versionGroupType = wrapper.xcdatamodel;
		};
/* End XCVersionGroup section */
	};
	rootObject = 623E0BCE1D5AA96B00EA4B70 /* Project object */;
}
