// !$*UTF8*$!
{
	archiveVersion = 1;
	classes = {
	};
	objectVersion = 46;
	objects = {

/* Begin PBXBuildFile section */
		620875B619A2FA5F004FECD4 /* main.m in Sources */ = {isa = PBXBuildFile; fileRef = 620875B519A2FA5F004FECD4 /* main.m */; };
		620875B919A2FA5F004FECD4 /* AppDelegate.m in Sources */ = {isa = PBXBuildFile; fileRef = 620875B819A2FA5F004FECD4 /* AppDelegate.m */; };
		620875BC19A2FA5F004FECD4 /* MasterDetailObjC.xcdatamodeld in Sources */ = {isa = PBXBuildFile; fileRef = 620875BA19A2FA5F004FECD4 /* MasterDetailObjC.xcdatamodeld */; };
		620875BF19A2FA5F004FECD4 /* MasterViewController.m in Sources */ = {isa = PBXBuildFile; fileRef = 620875BE19A2FA5F004FECD4 /* MasterViewController.m */; };
		620875C219A2FA5F004FECD4 /* DetailViewController.m in Sources */ = {isa = PBXBuildFile; fileRef = 620875C119A2FA5F004FECD4 /* DetailViewController.m */; };
		620875C519A2FA5F004FECD4 /* Main.storyboard in Resources */ = {isa = PBXBuildFile; fileRef = 620875C319A2FA5F004FECD4 /* Main.storyboard */; };
		620875C719A2FA5F004FECD4 /* Images.xcassets in Resources */ = {isa = PBXBuildFile; fileRef = 620875C619A2FA5F004FECD4 /* Images.xcassets */; };
		620875D319A2FA5F004FECD4 /* MasterDetailObjCTests.m in Sources */ = {isa = PBXBuildFile; fileRef = 620875D219A2FA5F004FECD4 /* MasterDetailObjCTests.m */; };
/* End PBXBuildFile section */

/* Begin PBXContainerItemProxy section */
		620875CD19A2FA5F004FECD4 /* PBXContainerItemProxy */ = {
			isa = PBXContainerItemProxy;
			containerPortal = 620875A819A2FA5F004FECD4 /* Project object */;
			proxyType = 1;
			remoteGlobalIDString = 620875AF19A2FA5F004FECD4;
			remoteInfo = MasterDetailObjC;
		};
/* End PBXContainerItemProxy section */

/* Begin PBXFileReference section */
		620875B019A2FA5F004FECD4 /* MasterDetailObjC.app */ = {isa = PBXFileReference; explicitFileType = wrapper.application; includeInIndex = 0; path = MasterDetailObjC.app; sourceTree = BUILT_PRODUCTS_DIR; };
		620875B419A2FA5F004FECD4 /* Info.plist */ = {isa = PBXFileReference; lastKnownFileType = text.plist.xml; path = Info.plist; sourceTree = "<group>"; };
		620875B519A2FA5F004FECD4 /* main.m */ = {isa = PBXFileReference; lastKnownFileType = sourcecode.c.objc; path = main.m; sourceTree = "<group>"; };
		620875B719A2FA5F004FECD4 /* AppDelegate.h */ = {isa = PBXFileReference; lastKnownFileType = sourcecode.c.h; path = AppDelegate.h; sourceTree = "<group>"; };
		620875B819A2FA5F004FECD4 /* AppDelegate.m */ = {isa = PBXFileReference; lastKnownFileType = sourcecode.c.objc; path = AppDelegate.m; sourceTree = "<group>"; };
		620875BB19A2FA5F004FECD4 /* MasterDetailObjC.xcdatamodel */ = {isa = PBXFileReference; lastKnownFileType = wrapper.xcdatamodel; path = MasterDetailObjC.xcdatamodel; sourceTree = "<group>"; };
		620875BD19A2FA5F004FECD4 /* MasterViewController.h */ = {isa = PBXFileReference; lastKnownFileType = sourcecode.c.h; path = MasterViewController.h; sourceTree = "<group>"; };
		620875BE19A2FA5F004FECD4 /* MasterViewController.m */ = {isa = PBXFileReference; lastKnownFileType = sourcecode.c.objc; path = MasterViewController.m; sourceTree = "<group>"; };
		620875C019A2FA5F004FECD4 /* DetailViewController.h */ = {isa = PBXFileReference; lastKnownFileType = sourcecode.c.h; path = DetailViewController.h; sourceTree = "<group>"; };
		620875C119A2FA5F004FECD4 /* DetailViewController.m */ = {isa = PBXFileReference; lastKnownFileType = sourcecode.c.objc; path = DetailViewController.m; sourceTree = "<group>"; };
		620875C419A2FA5F004FECD4 /* Base */ = {isa = PBXFileReference; lastKnownFileType = file.storyboard; name = Base; path = Base.lproj/Main.storyboard; sourceTree = "<group>"; };
		620875C619A2FA5F004FECD4 /* Images.xcassets */ = {isa = PBXFileReference; lastKnownFileType = folder.assetcatalog; path = Images.xcassets; sourceTree = "<group>"; };
		620875CC19A2FA5F004FECD4 /* MasterDetailObjCTests.xctest */ = {isa = PBXFileReference; explicitFileType = wrapper.cfbundle; includeInIndex = 0; path = MasterDetailObjCTests.xctest; sourceTree = BUILT_PRODUCTS_DIR; };
		620875D119A2FA5F004FECD4 /* Info.plist */ = {isa = PBXFileReference; lastKnownFileType = text.plist.xml; path = Info.plist; sourceTree = "<group>"; };
		620875D219A2FA5F004FECD4 /* MasterDetailObjCTests.m */ = {isa = PBXFileReference; lastKnownFileType = sourcecode.c.objc; path = MasterDetailObjCTests.m; sourceTree = "<group>"; };
/* End PBXFileReference section */

/* Begin PBXFrameworksBuildPhase section */
		620875AD19A2FA5F004FECD4 /* Frameworks */ = {
			isa = PBXFrameworksBuildPhase;
			buildActionMask = 2147483647;
			files = (
			);
			runOnlyForDeploymentPostprocessing = 0;
		};
		620875C919A2FA5F004FECD4 /* Frameworks */ = {
			isa = PBXFrameworksBuildPhase;
			buildActionMask = 2147483647;
			files = (
			);
			runOnlyForDeploymentPostprocessing = 0;
		};
/* End PBXFrameworksBuildPhase section */

/* Begin PBXGroup section */
		620875A719A2FA5F004FECD4 = {
			isa = PBXGroup;
			children = (
				620875B219A2FA5F004FECD4 /* MasterDetailObjC */,
				620875CF19A2FA5F004FECD4 /* MasterDetailObjCTests */,
				620875B119A2FA5F004FECD4 /* Products */,
			);
			sourceTree = "<group>";
		};
		620875B119A2FA5F004FECD4 /* Products */ = {
			isa = PBXGroup;
			children = (
				620875B019A2FA5F004FECD4 /* MasterDetailObjC.app */,
				620875CC19A2FA5F004FECD4 /* MasterDetailObjCTests.xctest */,
			);
			name = Products;
			sourceTree = "<group>";
		};
		620875B219A2FA5F004FECD4 /* MasterDetailObjC */ = {
			isa = PBXGroup;
			children = (
				620875B719A2FA5F004FECD4 /* AppDelegate.h */,
				620875B819A2FA5F004FECD4 /* AppDelegate.m */,
				620875BD19A2FA5F004FECD4 /* MasterViewController.h */,
				620875BE19A2FA5F004FECD4 /* MasterViewController.m */,
				620875C019A2FA5F004FECD4 /* DetailViewController.h */,
				620875C119A2FA5F004FECD4 /* DetailViewController.m */,
				620875C319A2FA5F004FECD4 /* Main.storyboard */,
				620875C619A2FA5F004FECD4 /* Images.xcassets */,
				620875BA19A2FA5F004FECD4 /* MasterDetailObjC.xcdatamodeld */,
				620875B319A2FA5F004FECD4 /* Supporting Files */,
			);
			path = MasterDetailObjC;
			sourceTree = "<group>";
		};
		620875B319A2FA5F004FECD4 /* Supporting Files */ = {
			isa = PBXGroup;
			children = (
				620875B419A2FA5F004FECD4 /* Info.plist */,
				620875B519A2FA5F004FECD4 /* main.m */,
			);
			name = "Supporting Files";
			sourceTree = "<group>";
		};
		620875CF19A2FA5F004FECD4 /* MasterDetailObjCTests */ = {
			isa = PBXGroup;
			children = (
				620875D219A2FA5F004FECD4 /* MasterDetailObjCTests.m */,
				620875D019A2FA5F004FECD4 /* Supporting Files */,
			);
			path = MasterDetailObjCTests;
			sourceTree = "<group>";
		};
		620875D019A2FA5F004FECD4 /* Supporting Files */ = {
			isa = PBXGroup;
			children = (
				620875D119A2FA5F004FECD4 /* Info.plist */,
			);
			name = "Supporting Files";
			sourceTree = "<group>";
		};
/* End PBXGroup section */

/* Begin PBXNativeTarget section */
		620875AF19A2FA5F004FECD4 /* MasterDetailObjC */ = {
			isa = PBXNativeTarget;
			buildConfigurationList = 620875D619A2FA5F004FECD4 /* Build configuration list for PBXNativeTarget "MasterDetailObjC" */;
			buildPhases = (
				620875AC19A2FA5F004FECD4 /* Sources */,
				620875AD19A2FA5F004FECD4 /* Frameworks */,
				620875AE19A2FA5F004FECD4 /* Resources */,
			);
			buildRules = (
			);
			dependencies = (
			);
			name = MasterDetailObjC;
			productName = MasterDetailObjC;
			productReference = 620875B019A2FA5F004FECD4 /* MasterDetailObjC.app */;
			productType = "com.apple.product-type.application";
		};
		620875CB19A2FA5F004FECD4 /* MasterDetailObjCTests */ = {
			isa = PBXNativeTarget;
			buildConfigurationList = 620875D919A2FA5F004FECD4 /* Build configuration list for PBXNativeTarget "MasterDetailObjCTests" */;
			buildPhases = (
				620875C819A2FA5F004FECD4 /* Sources */,
				620875C919A2FA5F004FECD4 /* Frameworks */,
				620875CA19A2FA5F004FECD4 /* Resources */,
			);
			buildRules = (
			);
			dependencies = (
				620875CE19A2FA5F004FECD4 /* PBXTargetDependency */,
			);
			name = MasterDetailObjCTests;
			productName = MasterDetailObjCTests;
			productReference = 620875CC19A2FA5F004FECD4 /* MasterDetailObjCTests.xctest */;
			productType = "com.apple.product-type.bundle.unit-test";
		};
/* End PBXNativeTarget section */

/* Begin PBXProject section */
		620875A819A2FA5F004FECD4 /* Project object */ = {
			isa = PBXProject;
			attributes = {
				LastUpgradeCheck = 0600;
				ORGANIZATIONNAME = "Bone Jarring Games and Software";
				TargetAttributes = {
					620875AF19A2FA5F004FECD4 = {
						CreatedOnToolsVersion = 6.0;
					};
					620875CB19A2FA5F004FECD4 = {
						CreatedOnToolsVersion = 6.0;
						TestTargetID = 620875AF19A2FA5F004FECD4;
					};
				};
			};
			buildConfigurationList = 620875AB19A2FA5F004FECD4 /* Build configuration list for PBXProject "MasterDetailObjC" */;
			compatibilityVersion = "Xcode 3.2";
			developmentRegion = English;
			hasScannedForEncodings = 0;
			knownRegions = (
				en,
				Base,
			);
			mainGroup = 620875A719A2FA5F004FECD4;
			productRefGroup = 620875B119A2FA5F004FECD4 /* Products */;
			projectDirPath = "";
			projectRoot = "";
			targets = (
				620875AF19A2FA5F004FECD4 /* MasterDetailObjC */,
				620875CB19A2FA5F004FECD4 /* MasterDetailObjCTests */,
			);
		};
/* End PBXProject section */

/* Begin PBXResourcesBuildPhase section */
		620875AE19A2FA5F004FECD4 /* Resources */ = {
			isa = PBXResourcesBuildPhase;
			buildActionMask = 2147483647;
			files = (
				620875C519A2FA5F004FECD4 /* Main.storyboard in Resources */,
				620875C719A2FA5F004FECD4 /* Images.xcassets in Resources */,
			);
			runOnlyForDeploymentPostprocessing = 0;
		};
		620875CA19A2FA5F004FECD4 /* Resources */ = {
			isa = PBXResourcesBuildPhase;
			buildActionMask = 2147483647;
			files = (
			);
			runOnlyForDeploymentPostprocessing = 0;
		};
/* End PBXResourcesBuildPhase section */

/* Begin PBXSourcesBuildPhase section */
		620875AC19A2FA5F004FECD4 /* Sources */ = {
			isa = PBXSourcesBuildPhase;
			buildActionMask = 2147483647;
			files = (
				620875C219A2FA5F004FECD4 /* DetailViewController.m in Sources */,
				620875BF19A2FA5F004FECD4 /* MasterViewController.m in Sources */,
				620875B919A2FA5F004FECD4 /* AppDelegate.m in Sources */,
				620875B619A2FA5F004FECD4 /* main.m in Sources */,
				620875BC19A2FA5F004FECD4 /* MasterDetailObjC.xcdatamodeld in Sources */,
			);
			runOnlyForDeploymentPostprocessing = 0;
		};
		620875C819A2FA5F004FECD4 /* Sources */ = {
			isa = PBXSourcesBuildPhase;
			buildActionMask = 2147483647;
			files = (
				620875D319A2FA5F004FECD4 /* MasterDetailObjCTests.m in Sources */,
			);
			runOnlyForDeploymentPostprocessing = 0;
		};
/* End PBXSourcesBuildPhase section */

/* Begin PBXTargetDependency section */
		620875CE19A2FA5F004FECD4 /* PBXTargetDependency */ = {
			isa = PBXTargetDependency;
			target = 620875AF19A2FA5F004FECD4 /* MasterDetailObjC */;
			targetProxy = 620875CD19A2FA5F004FECD4 /* PBXContainerItemProxy */;
		};
/* End PBXTargetDependency section */

/* Begin PBXVariantGroup section */
		620875C319A2FA5F004FECD4 /* Main.storyboard */ = {
			isa = PBXVariantGroup;
			children = (
				620875C419A2FA5F004FECD4 /* Base */,
			);
			name = Main.storyboard;
			sourceTree = "<group>";
		};
/* End PBXVariantGroup section */

/* Begin XCBuildConfiguration section */
		620875D419A2FA5F004FECD4 /* Debug */ = {
			isa = XCBuildConfiguration;
			buildSettings = {
				ALWAYS_SEARCH_USER_PATHS = NO;
				CLANG_CXX_LANGUAGE_STANDARD = "gnu++0x";
				CLANG_CXX_LIBRARY = "libc++";
				CLANG_ENABLE_MODULES = YES;
				CLANG_ENABLE_OBJC_ARC = YES;
				CLANG_WARN_BOOL_CONVERSION = YES;
				CLANG_WARN_CONSTANT_CONVERSION = YES;
				CLANG_WARN_DIRECT_OBJC_ISA_USAGE = YES_ERROR;
				CLANG_WARN_EMPTY_BODY = YES;
				CLANG_WARN_ENUM_CONVERSION = YES;
				CLANG_WARN_INT_CONVERSION = YES;
				CLANG_WARN_OBJC_ROOT_CLASS = YES_ERROR;
				CLANG_WARN_UNREACHABLE_CODE = YES;
				CLANG_WARN__DUPLICATE_METHOD_MATCH = YES;
				"CODE_SIGN_IDENTITY[sdk=iphoneos*]" = "iPhone Developer";
				COPY_PHASE_STRIP = NO;
				ENABLE_STRICT_OBJC_MSGSEND = YES;
				GCC_C_LANGUAGE_STANDARD = gnu99;
				GCC_DYNAMIC_NO_PIC = NO;
				GCC_OPTIMIZATION_LEVEL = 0;
				GCC_PREPROCESSOR_DEFINITIONS = (
					"DEBUG=1",
					"$(inherited)",
				);
				GCC_SYMBOLS_PRIVATE_EXTERN = NO;
				GCC_WARN_64_TO_32_BIT_CONVERSION = YES;
				GCC_WARN_ABOUT_RETURN_TYPE = YES_ERROR;
				GCC_WARN_UNDECLARED_SELECTOR = YES;
				GCC_WARN_UNINITIALIZED_AUTOS = YES_AGGRESSIVE;
				GCC_WARN_UNUSED_FUNCTION = YES;
				GCC_WARN_UNUSED_VARIABLE = YES;
				IPHONEOS_DEPLOYMENT_TARGET = 8.0;
				MTL_ENABLE_DEBUG_INFO = YES;
				ONLY_ACTIVE_ARCH = YES;
				SDKROOT = iphoneos;
				TARGETED_DEVICE_FAMILY = "1,2";
			};
			name = Debug;
		};
		620875D519A2FA5F004FECD4 /* Release */ = {
			isa = XCBuildConfiguration;
			buildSettings = {
				ALWAYS_SEARCH_USER_PATHS = NO;
				CLANG_CXX_LANGUAGE_STANDARD = "gnu++0x";
				CLANG_CXX_LIBRARY = "libc++";
				CLANG_ENABLE_MODULES = YES;
				CLANG_ENABLE_OBJC_ARC = YES;
				CLANG_WARN_BOOL_CONVERSION = YES;
				CLANG_WARN_CONSTANT_CONVERSION = YES;
				CLANG_WARN_DIRECT_OBJC_ISA_USAGE = YES_ERROR;
				CLANG_WARN_EMPTY_BODY = YES;
				CLANG_WARN_ENUM_CONVERSION = YES;
				CLANG_WARN_INT_CONVERSION = YES;
				CLANG_WARN_OBJC_ROOT_CLASS = YES_ERROR;
				CLANG_WARN_UNREACHABLE_CODE = YES;
				CLANG_WARN__DUPLICATE_METHOD_MATCH = YES;
				"CODE_SIGN_IDENTITY[sdk=iphoneos*]" = "iPhone Developer";
				COPY_PHASE_STRIP = YES;
				ENABLE_NS_ASSERTIONS = NO;
				ENABLE_STRICT_OBJC_MSGSEND = YES;
				GCC_C_LANGUAGE_STANDARD = gnu99;
				GCC_WARN_64_TO_32_BIT_CONVERSION = YES;
				GCC_WARN_ABOUT_RETURN_TYPE = YES_ERROR;
				GCC_WARN_UNDECLARED_SELECTOR = YES;
				GCC_WARN_UNINITIALIZED_AUTOS = YES_AGGRESSIVE;
				GCC_WARN_UNUSED_FUNCTION = YES;
				GCC_WARN_UNUSED_VARIABLE = YES;
				IPHONEOS_DEPLOYMENT_TARGET = 8.0;
				MTL_ENABLE_DEBUG_INFO = NO;
				SDKROOT = iphoneos;
				TARGETED_DEVICE_FAMILY = "1,2";
				VALIDATE_PRODUCT = YES;
			};
			name = Release;
		};
		620875D719A2FA5F004FECD4 /* Debug */ = {
			isa = XCBuildConfiguration;
			buildSettings = {
				ASSETCATALOG_COMPILER_APPICON_NAME = AppIcon;
				ASSETCATALOG_COMPILER_LAUNCHIMAGE_NAME = LaunchImage;
				INFOPLIST_FILE = MasterDetailObjC/Info.plist;
				LD_RUNPATH_SEARCH_PATHS = "$(inherited) @executable_path/Frameworks";
				PRODUCT_NAME = "$(TARGET_NAME)";
			};
			name = Debug;
		};
		620875D819A2FA5F004FECD4 /* Release */ = {
			isa = XCBuildConfiguration;
			buildSettings = {
				ASSETCATALOG_COMPILER_APPICON_NAME = AppIcon;
				ASSETCATALOG_COMPILER_LAUNCHIMAGE_NAME = LaunchImage;
				INFOPLIST_FILE = MasterDetailObjC/Info.plist;
				LD_RUNPATH_SEARCH_PATHS = "$(inherited) @executable_path/Frameworks";
				PRODUCT_NAME = "$(TARGET_NAME)";
			};
			name = Release;
		};
		620875DA19A2FA5F004FECD4 /* Debug */ = {
			isa = XCBuildConfiguration;
			buildSettings = {
				BUNDLE_LOADER = "$(TEST_HOST)";
				FRAMEWORK_SEARCH_PATHS = (
					"$(SDKROOT)/Developer/Library/Frameworks",
					"$(inherited)",
				);
				GCC_PREPROCESSOR_DEFINITIONS = (
					"DEBUG=1",
					"$(inherited)",
				);
				INFOPLIST_FILE = MasterDetailObjCTests/Info.plist;
				LD_RUNPATH_SEARCH_PATHS = "$(inherited) @executable_path/Frameworks @loader_path/Frameworks";
				PRODUCT_NAME = "$(TARGET_NAME)";
				TEST_HOST = "$(BUILT_PRODUCTS_DIR)/MasterDetailObjC.app/MasterDetailObjC";
			};
			name = Debug;
		};
		620875DB19A2FA5F004FECD4 /* Release */ = {
			isa = XCBuildConfiguration;
			buildSettings = {
				BUNDLE_LOADER = "$(TEST_HOST)";
				FRAMEWORK_SEARCH_PATHS = (
					"$(SDKROOT)/Developer/Library/Frameworks",
					"$(inherited)",
				);
				INFOPLIST_FILE = MasterDetailObjCTests/Info.plist;
				LD_RUNPATH_SEARCH_PATHS = "$(inherited) @executable_path/Frameworks @loader_path/Frameworks";
				PRODUCT_NAME = "$(TARGET_NAME)";
				TEST_HOST = "$(BUILT_PRODUCTS_DIR)/MasterDetailObjC.app/MasterDetailObjC";
			};
			name = Release;
		};
/* End XCBuildConfiguration section */

/* Begin XCConfigurationList section */
		620875AB19A2FA5F004FECD4 /* Build configuration list for PBXProject "MasterDetailObjC" */ = {
			isa = XCConfigurationList;
			buildConfigurations = (
				620875D419A2FA5F004FECD4 /* Debug */,
				620875D519A2FA5F004FECD4 /* Release */,
			);
			defaultConfigurationIsVisible = 0;
			defaultConfigurationName = Release;
		};
		620875D619A2FA5F004FECD4 /* Build configuration list for PBXNativeTarget "MasterDetailObjC" */ = {
			isa = XCConfigurationList;
			buildConfigurations = (
				620875D719A2FA5F004FECD4 /* Debug */,
				620875D819A2FA5F004FECD4 /* Release */,
			);
			defaultConfigurationIsVisible = 0;
		};
		620875D919A2FA5F004FECD4 /* Build configuration list for PBXNativeTarget "MasterDetailObjCTests" */ = {
			isa = XCConfigurationList;
			buildConfigurations = (
				620875DA19A2FA5F004FECD4 /* Debug */,
				620875DB19A2FA5F004FECD4 /* Release */,
			);
			defaultConfigurationIsVisible = 0;
		};
/* End XCConfigurationList section */

/* Begin XCVersionGroup section */
		620875BA19A2FA5F004FECD4 /* MasterDetailObjC.xcdatamodeld */ = {
			isa = XCVersionGroup;
			children = (
				620875BB19A2FA5F004FECD4 /* MasterDetailObjC.xcdatamodel */,
			);
			currentVersion = 620875BB19A2FA5F004FECD4 /* MasterDetailObjC.xcdatamodel */;
			path = MasterDetailObjC.xcdatamodeld;
			sourceTree = "<group>";
			versionGroupType = wrapper.xcdatamodel;
		};
/* End XCVersionGroup section */
	};
	rootObject = 620875A819A2FA5F004FECD4 /* Project object */;
}
