// !$*UTF8*$!
{
	archiveVersion = 1;
	classes = {
	};
	objectVersion = 46;
	objects = {

/* Begin PBXBuildFile section */
		62B45DDB179798D5008BC67B /* UIKit.framework in Frameworks */ = {isa = PBXBuildFile; fileRef = 62B45DDA179798D5008BC67B /* UIKit.framework */; };
		62B45DDD179798D5008BC67B /* Foundation.framework in Frameworks */ = {isa = PBXBuildFile; fileRef = 62B45DDC179798D5008BC67B /* Foundation.framework */; };
		62B45DDF179798D5008BC67B /* CoreGraphics.framework in Frameworks */ = {isa = PBXBuildFile; fileRef = 62B45DDE179798D5008BC67B /* CoreGraphics.framework */; };
		62B45DE1179798D5008BC67B /* GLKit.framework in Frameworks */ = {isa = PBXBuildFile; fileRef = 62B45DE0179798D5008BC67B /* GLKit.framework */; };
		62B45DE3179798D5008BC67B /* OpenGLES.framework in Frameworks */ = {isa = PBXBuildFile; fileRef = 62B45DE2179798D5008BC67B /* OpenGLES.framework */; };
		62B45DE9179798D5008BC67B /* InfoPlist.strings in Resources */ = {isa = PBXBuildFile; fileRef = 62B45DE7179798D5008BC67B /* InfoPlist.strings */; };
		62B45DEB179798D5008BC67B /* main.m in Sources */ = {isa = PBXBuildFile; fileRef = 62B45DEA179798D5008BC67B /* main.m */; };
		62B45DEF179798D5008BC67B /* AppDelegate.m in Sources */ = {isa = PBXBuildFile; fileRef = 62B45DEE179798D5008BC67B /* AppDelegate.m */; };
		62B45DF1179798D5008BC67B /* Default.png in Resources */ = {isa = PBXBuildFile; fileRef = 62B45DF0179798D5008BC67B /* Default.png */; };
		62B45DF3179798D5008BC67B /* Default@2x.png in Resources */ = {isa = PBXBuildFile; fileRef = 62B45DF2179798D5008BC67B /* Default@2x.png */; };
		62B45DF5179798D5008BC67B /* Default-568h@2x.png in Resources */ = {isa = PBXBuildFile; fileRef = 62B45DF4179798D5008BC67B /* Default-568h@2x.png */; };
		62B45DF7179798D5008BC67B /* Shader.fsh in Resources */ = {isa = PBXBuildFile; fileRef = 62B45DF6179798D5008BC67B /* Shader.fsh */; };
		62B45DF9179798D5008BC67B /* Shader.vsh in Resources */ = {isa = PBXBuildFile; fileRef = 62B45DF8179798D5008BC67B /* Shader.vsh */; };
		62B45DFC179798D5008BC67B /* ViewController.m in Sources */ = {isa = PBXBuildFile; fileRef = 62B45DFB179798D5008BC67B /* ViewController.m */; };
		62B45DFF179798D5008BC67B /* ViewController.xib in Resources */ = {isa = PBXBuildFile; fileRef = 62B45DFD179798D5008BC67B /* ViewController.xib */; };
/* End PBXBuildFile section */

/* Begin PBXFileReference section */
		62B45DD7179798D5008BC67B /* OpenGL.app */ = {isa = PBXFileReference; explicitFileType = wrapper.application; includeInIndex = 0; path = OpenGL.app; sourceTree = BUILT_PRODUCTS_DIR; };
		62B45DDA179798D5008BC67B /* UIKit.framework */ = {isa = PBXFileReference; lastKnownFileType = wrapper.framework; name = UIKit.framework; path = System/Library/Frameworks/UIKit.framework; sourceTree = SDKROOT; };
		62B45DDC179798D5008BC67B /* Foundation.framework */ = {isa = PBXFileReference; lastKnownFileType = wrapper.framework; name = Foundation.framework; path = System/Library/Frameworks/Foundation.framework; sourceTree = SDKROOT; };
		62B45DDE179798D5008BC67B /* CoreGraphics.framework */ = {isa = PBXFileReference; lastKnownFileType = wrapper.framework; name = CoreGraphics.framework; path = System/Library/Frameworks/CoreGraphics.framework; sourceTree = SDKROOT; };
		62B45DE0179798D5008BC67B /* GLKit.framework */ = {isa = PBXFileReference; lastKnownFileType = wrapper.framework; name = GLKit.framework; path = System/Library/Frameworks/GLKit.framework; sourceTree = SDKROOT; };
		62B45DE2179798D5008BC67B /* OpenGLES.framework */ = {isa = PBXFileReference; lastKnownFileType = wrapper.framework; name = OpenGLES.framework; path = System/Library/Frameworks/OpenGLES.framework; sourceTree = SDKROOT; };
		62B45DE6179798D5008BC67B /* OpenGL-Info.plist */ = {isa = PBXFileReference; lastKnownFileType = text.plist.xml; path = "OpenGL-Info.plist"; sourceTree = "<group>"; };
		62B45DE8179798D5008BC67B /* en */ = {isa = PBXFileReference; lastKnownFileType = text.plist.strings; name = en; path = en.lproj/InfoPlist.strings; sourceTree = "<group>"; };
		62B45DEA179798D5008BC67B /* main.m */ = {isa = PBXFileReference; lastKnownFileType = sourcecode.c.objc; path = main.m; sourceTree = "<group>"; };
		62B45DEC179798D5008BC67B /* OpenGL-Prefix.pch */ = {isa = PBXFileReference; lastKnownFileType = sourcecode.c.h; path = "OpenGL-Prefix.pch"; sourceTree = "<group>"; };
		62B45DED179798D5008BC67B /* AppDelegate.h */ = {isa = PBXFileReference; lastKnownFileType = sourcecode.c.h; path = AppDelegate.h; sourceTree = "<group>"; };
		62B45DEE179798D5008BC67B /* AppDelegate.m */ = {isa = PBXFileReference; lastKnownFileType = sourcecode.c.objc; path = AppDelegate.m; sourceTree = "<group>"; };
		62B45DF0179798D5008BC67B /* Default.png */ = {isa = PBXFileReference; lastKnownFileType = image.png; path = Default.png; sourceTree = "<group>"; };
		62B45DF2179798D5008BC67B /* Default@2x.png */ = {isa = PBXFileReference; lastKnownFileType = image.png; path = "Default@2x.png"; sourceTree = "<group>"; };
		62B45DF4179798D5008BC67B /* Default-568h@2x.png */ = {isa = PBXFileReference; lastKnownFileType = image.png; path = "Default-568h@2x.png"; sourceTree = "<group>"; };
		62B45DF6179798D5008BC67B /* Shader.fsh */ = {isa = PBXFileReference; lastKnownFileType = sourcecode.glsl; name = Shader.fsh; path = Shaders/Shader.fsh; sourceTree = "<group>"; };
		62B45DF8179798D5008BC67B /* Shader.vsh */ = {isa = PBXFileReference; lastKnownFileType = sourcecode.glsl; name = Shader.vsh; path = Shaders/Shader.vsh; sourceTree = "<group>"; };
		62B45DFA179798D5008BC67B /* ViewController.h */ = {isa = PBXFileReference; lastKnownFileType = sourcecode.c.h; path = ViewController.h; sourceTree = "<group>"; };
		62B45DFB179798D5008BC67B /* ViewController.m */ = {isa = PBXFileReference; lastKnownFileType = sourcecode.c.objc; path = ViewController.m; sourceTree = "<group>"; };
		62B45DFE179798D5008BC67B /* en */ = {isa = PBXFileReference; lastKnownFileType = file.xib; name = en; path = en.lproj/ViewController.xib; sourceTree = "<group>"; };
/* End PBXFileReference section */

/* Begin PBXFrameworksBuildPhase section */
		62B45DD4179798D5008BC67B /* Frameworks */ = {
			isa = PBXFrameworksBuildPhase;
			buildActionMask = 2147483647;
			files = (
				62B45DDB179798D5008BC67B /* UIKit.framework in Frameworks */,
				62B45DDD179798D5008BC67B /* Foundation.framework in Frameworks */,
				62B45DDF179798D5008BC67B /* CoreGraphics.framework in Frameworks */,
				62B45DE1179798D5008BC67B /* GLKit.framework in Frameworks */,
				62B45DE3179798D5008BC67B /* OpenGLES.framework in Frameworks */,
			);
			runOnlyForDeploymentPostprocessing = 0;
		};
/* End PBXFrameworksBuildPhase section */

/* Begin PBXGroup section */
		62B45DCE179798D5008BC67B = {
			isa = PBXGroup;
			children = (
				62B45DE4179798D5008BC67B /* OpenGL */,
				62B45DD9179798D5008BC67B /* Frameworks */,
				62B45DD8179798D5008BC67B /* Products */,
			);
			sourceTree = "<group>";
		};
		62B45DD8179798D5008BC67B /* Products */ = {
			isa = PBXGroup;
			children = (
				62B45DD7179798D5008BC67B /* OpenGL.app */,
			);
			name = Products;
			sourceTree = "<group>";
		};
		62B45DD9179798D5008BC67B /* Frameworks */ = {
			isa = PBXGroup;
			children = (
				62B45DDA179798D5008BC67B /* UIKit.framework */,
				62B45DDC179798D5008BC67B /* Foundation.framework */,
				62B45DDE179798D5008BC67B /* CoreGraphics.framework */,
				62B45DE0179798D5008BC67B /* GLKit.framework */,
				62B45DE2179798D5008BC67B /* OpenGLES.framework */,
			);
			name = Frameworks;
			sourceTree = "<group>";
		};
		62B45DE4179798D5008BC67B /* OpenGL */ = {
			isa = PBXGroup;
			children = (
				62B45DED179798D5008BC67B /* AppDelegate.h */,
				62B45DEE179798D5008BC67B /* AppDelegate.m */,
				62B45DF6179798D5008BC67B /* Shader.fsh */,
				62B45DF8179798D5008BC67B /* Shader.vsh */,
				62B45DFA179798D5008BC67B /* ViewController.h */,
				62B45DFB179798D5008BC67B /* ViewController.m */,
				62B45DFD179798D5008BC67B /* ViewController.xib */,
				62B45DE5179798D5008BC67B /* Supporting Files */,
			);
			path = OpenGL;
			sourceTree = "<group>";
		};
		62B45DE5179798D5008BC67B /* Supporting Files */ = {
			isa = PBXGroup;
			children = (
				62B45DE6179798D5008BC67B /* OpenGL-Info.plist */,
				62B45DE7179798D5008BC67B /* InfoPlist.strings */,
				62B45DEA179798D5008BC67B /* main.m */,
				62B45DEC179798D5008BC67B /* OpenGL-Prefix.pch */,
				62B45DF0179798D5008BC67B /* Default.png */,
				62B45DF2179798D5008BC67B /* Default@2x.png */,
				62B45DF4179798D5008BC67B /* Default-568h@2x.png */,
			);
			name = "Supporting Files";
			sourceTree = "<group>";
		};
/* End PBXGroup section */

/* Begin PBXNativeTarget section */
		62B45DD6179798D5008BC67B /* OpenGL */ = {
			isa = PBXNativeTarget;
			buildConfigurationList = 62B45E02179798D5008BC67B /* Build configuration list for PBXNativeTarget "OpenGL" */;
			buildPhases = (
				62B45DD3179798D5008BC67B /* Sources */,
				62B45DD4179798D5008BC67B /* Frameworks */,
				62B45DD5179798D5008BC67B /* Resources */,
			);
			buildRules = (
			);
			dependencies = (
			);
			name = OpenGL;
			productName = OpenGL;
			productReference = 62B45DD7179798D5008BC67B /* OpenGL.app */;
			productType = "com.apple.product-type.application";
		};
/* End PBXNativeTarget section */

/* Begin PBXProject section */
		62B45DCF179798D5008BC67B /* Project object */ = {
			isa = PBXProject;
			attributes = {
				LastUpgradeCheck = 0460;
				ORGANIZATIONNAME = "Syd Polk";
			};
			buildConfigurationList = 62B45DD2179798D5008BC67B /* Build configuration list for PBXProject "OpenGL" */;
			compatibilityVersion = "Xcode 3.2";
			developmentRegion = English;
			hasScannedForEncodings = 0;
			knownRegions = (
				en,
			);
			mainGroup = 62B45DCE179798D5008BC67B;
			productRefGroup = 62B45DD8179798D5008BC67B /* Products */;
			projectDirPath = "";
			projectRoot = "";
			targets = (
				62B45DD6179798D5008BC67B /* OpenGL */,
			);
		};
/* End PBXProject section */

/* Begin PBXResourcesBuildPhase section */
		62B45DD5179798D5008BC67B /* Resources */ = {
			isa = PBXResourcesBuildPhase;
			buildActionMask = 2147483647;
			files = (
				62B45DE9179798D5008BC67B /* InfoPlist.strings in Resources */,
				62B45DF1179798D5008BC67B /* Default.png in Resources */,
				62B45DF3179798D5008BC67B /* Default@2x.png in Resources */,
				62B45DF5179798D5008BC67B /* Default-568h@2x.png in Resources */,
				62B45DF7179798D5008BC67B /* Shader.fsh in Resources */,
				62B45DF9179798D5008BC67B /* Shader.vsh in Resources */,
				62B45DFF179798D5008BC67B /* ViewController.xib in Resources */,
			);
			runOnlyForDeploymentPostprocessing = 0;
		};
/* End PBXResourcesBuildPhase section */

/* Begin PBXSourcesBuildPhase section */
		62B45DD3179798D5008BC67B /* Sources */ = {
			isa = PBXSourcesBuildPhase;
			buildActionMask = 2147483647;
			files = (
				62B45DEB179798D5008BC67B /* main.m in Sources */,
				62B45DEF179798D5008BC67B /* AppDelegate.m in Sources */,
				62B45DFC179798D5008BC67B /* ViewController.m in Sources */,
			);
			runOnlyForDeploymentPostprocessing = 0;
		};
/* End PBXSourcesBuildPhase section */

/* Begin PBXVariantGroup section */
		62B45DE7179798D5008BC67B /* InfoPlist.strings */ = {
			isa = PBXVariantGroup;
			children = (
				62B45DE8179798D5008BC67B /* en */,
			);
			name = InfoPlist.strings;
			sourceTree = "<group>";
		};
		62B45DFD179798D5008BC67B /* ViewController.xib */ = {
			isa = PBXVariantGroup;
			children = (
				62B45DFE179798D5008BC67B /* en */,
			);
			name = ViewController.xib;
			sourceTree = "<group>";
		};
/* End PBXVariantGroup section */

/* Begin XCBuildConfiguration section */
		62B45E00179798D5008BC67B /* Debug */ = {
			isa = XCBuildConfiguration;
			buildSettings = {
				ALWAYS_SEARCH_USER_PATHS = NO;
				CLANG_CXX_LANGUAGE_STANDARD = "gnu++0x";
				CLANG_CXX_LIBRARY = "libc++";
				CLANG_ENABLE_OBJC_ARC = YES;
				CLANG_WARN_CONSTANT_CONVERSION = YES;
				CLANG_WARN_EMPTY_BODY = YES;
				CLANG_WARN_ENUM_CONVERSION = YES;
				CLANG_WARN_INT_CONVERSION = YES;
				CLANG_WARN__DUPLICATE_METHOD_MATCH = YES;
				"CODE_SIGN_IDENTITY[sdk=iphoneos*]" = "iPhone Developer";
				COPY_PHASE_STRIP = NO;
				GCC_C_LANGUAGE_STANDARD = gnu99;
				GCC_DYNAMIC_NO_PIC = NO;
				GCC_OPTIMIZATION_LEVEL = 0;
				GCC_PREPROCESSOR_DEFINITIONS = (
					"DEBUG=1",
					"$(inherited)",
				);
				GCC_SYMBOLS_PRIVATE_EXTERN = NO;
				GCC_WARN_ABOUT_RETURN_TYPE = YES;
				GCC_WARN_UNINITIALIZED_AUTOS = YES;
				GCC_WARN_UNUSED_VARIABLE = YES;
				IPHONEOS_DEPLOYMENT_TARGET = 6.1;
				ONLY_ACTIVE_ARCH = YES;
				SDKROOT = iphoneos;
				TARGETED_DEVICE_FAMILY = 2;
			};
			name = Debug;
		};
		62B45E01179798D5008BC67B /* Release */ = {
			isa = XCBuildConfiguration;
			buildSettings = {
				ALWAYS_SEARCH_USER_PATHS = NO;
				CLANG_CXX_LANGUAGE_STANDARD = "gnu++0x";
				CLANG_CXX_LIBRARY = "libc++";
				CLANG_ENABLE_OBJC_ARC = YES;
				CLANG_WARN_CONSTANT_CONVERSION = YES;
				CLANG_WARN_EMPTY_BODY = YES;
				CLANG_WARN_ENUM_CONVERSION = YES;
				CLANG_WARN_INT_CONVERSION = YES;
				CLANG_WARN__DUPLICATE_METHOD_MATCH = YES;
				"CODE_SIGN_IDENTITY[sdk=iphoneos*]" = "iPhone Developer";
				COPY_PHASE_STRIP = YES;
				GCC_C_LANGUAGE_STANDARD = gnu99;
				GCC_WARN_ABOUT_RETURN_TYPE = YES;
				GCC_WARN_UNINITIALIZED_AUTOS = YES;
				GCC_WARN_UNUSED_VARIABLE = YES;
				IPHONEOS_DEPLOYMENT_TARGET = 6.1;
				OTHER_CFLAGS = "-DNS_BLOCK_ASSERTIONS=1";
				SDKROOT = iphoneos;
				TARGETED_DEVICE_FAMILY = 2;
				VALIDATE_PRODUCT = YES;
			};
			name = Release;
		};
		62B45E03179798D5008BC67B /* Debug */ = {
			isa = XCBuildConfiguration;
			buildSettings = {
				GCC_PRECOMPILE_PREFIX_HEADER = YES;
				GCC_PREFIX_HEADER = "OpenGL/OpenGL-Prefix.pch";
				INFOPLIST_FILE = "OpenGL/OpenGL-Info.plist";
				PRODUCT_NAME = "$(TARGET_NAME)";
				WRAPPER_EXTENSION = app;
			};
			name = Debug;
		};
		62B45E04179798D5008BC67B /* Release */ = {
			isa = XCBuildConfiguration;
			buildSettings = {
				GCC_PRECOMPILE_PREFIX_HEADER = YES;
				GCC_PREFIX_HEADER = "OpenGL/OpenGL-Prefix.pch";
				INFOPLIST_FILE = "OpenGL/OpenGL-Info.plist";
				PRODUCT_NAME = "$(TARGET_NAME)";
				WRAPPER_EXTENSION = app;
			};
			name = Release;
		};
/* End XCBuildConfiguration section */

/* Begin XCConfigurationList section */
		62B45DD2179798D5008BC67B /* Build configuration list for PBXProject "OpenGL" */ = {
			isa = XCConfigurationList;
			buildConfigurations = (
				62B45E00179798D5008BC67B /* Debug */,
				62B45E01179798D5008BC67B /* Release */,
			);
			defaultConfigurationIsVisible = 0;
			defaultConfigurationName = Release;
		};
		62B45E02179798D5008BC67B /* Build configuration list for PBXNativeTarget "OpenGL" */ = {
			isa = XCConfigurationList;
			buildConfigurations = (
				62B45E03179798D5008BC67B /* Debug */,
				62B45E04179798D5008BC67B /* Release */,
			);
			defaultConfigurationIsVisible = 0;
		};
/* End XCConfigurationList section */
	};
	rootObject = 62B45DCF179798D5008BC67B /* Project object */;
}
