// !$*UTF8*$!
{
	archiveVersion = 1;
	classes = {
	};
	objectVersion = 46;
	objects = {

/* Begin PBXBuildFile section */
		62DA08391B0EE077006F07E0 /* AppDelegate.swift in Sources */ = {isa = PBXBuildFile; fileRef = 62DA08381B0EE077006F07E0 /* AppDelegate.swift */; };
		62DA083C1B0EE077006F07E0 /* MasterDetailSwift.xcdatamodeld in Sources */ = {isa = PBXBuildFile; fileRef = 62DA083A1B0EE077006F07E0 /* MasterDetailSwift.xcdatamodeld */; };
		62DA083E1B0EE077006F07E0 /* MasterViewController.swift in Sources */ = {isa = PBXBuildFile; fileRef = 62DA083D1B0EE077006F07E0 /* MasterViewController.swift */; };
		62DA08401B0EE077006F07E0 /* DetailViewController.swift in Sources */ = {isa = PBXBuildFile; fileRef = 62DA083F1B0EE077006F07E0 /* DetailViewController.swift */; };
		62DA08431B0EE077006F07E0 /* Main.storyboard in Resources */ = {isa = PBXBuildFile; fileRef = 62DA08411B0EE077006F07E0 /* Main.storyboard */; };
		62DA08451B0EE077006F07E0 /* Images.xcassets in Resources */ = {isa = PBXBuildFile; fileRef = 62DA08441B0EE077006F07E0 /* Images.xcassets */; };
		62DA08481B0EE077006F07E0 /* LaunchScreen.xib in Resources */ = {isa = PBXBuildFile; fileRef = 62DA08461B0EE077006F07E0 /* LaunchScreen.xib */; };
		62DA08541B0EE077006F07E0 /* MasterDetailSwiftTests.swift in Sources */ = {isa = PBXBuildFile; fileRef = 62DA08531B0EE077006F07E0 /* MasterDetailSwiftTests.swift */; };
/* End PBXBuildFile section */

/* Begin PBXContainerItemProxy section */
		62DA084E1B0EE077006F07E0 /* PBXContainerItemProxy */ = {
			isa = PBXContainerItemProxy;
			containerPortal = 62DA082B1B0EE077006F07E0 /* Project object */;
			proxyType = 1;
			remoteGlobalIDString = 62DA08321B0EE077006F07E0;
			remoteInfo = MasterDetailSwift;
		};
/* End PBXContainerItemProxy section */

/* Begin PBXFileReference section */
		62DA08331B0EE077006F07E0 /* MasterDetailSwift.app */ = {isa = PBXFileReference; explicitFileType = wrapper.application; includeInIndex = 0; path = MasterDetailSwift.app; sourceTree = BUILT_PRODUCTS_DIR; };
		62DA08371B0EE077006F07E0 /* Info.plist */ = {isa = PBXFileReference; lastKnownFileType = text.plist.xml; path = Info.plist; sourceTree = "<group>"; };
		62DA08381B0EE077006F07E0 /* AppDelegate.swift */ = {isa = PBXFileReference; lastKnownFileType = sourcecode.swift; path = AppDelegate.swift; sourceTree = "<group>"; };
		62DA083B1B0EE077006F07E0 /* MasterDetailSwift.xcdatamodel */ = {isa = PBXFileReference; lastKnownFileType = wrapper.xcdatamodel; path = MasterDetailSwift.xcdatamodel; sourceTree = "<group>"; };
		62DA083D1B0EE077006F07E0 /* MasterViewController.swift */ = {isa = PBXFileReference; lastKnownFileType = sourcecode.swift; path = MasterViewController.swift; sourceTree = "<group>"; };
		62DA083F1B0EE077006F07E0 /* DetailViewController.swift */ = {isa = PBXFileReference; lastKnownFileType = sourcecode.swift; path = DetailViewController.swift; sourceTree = "<group>"; };
		62DA08421B0EE077006F07E0 /* Base */ = {isa = PBXFileReference; lastKnownFileType = file.storyboard; name = Base; path = Base.lproj/Main.storyboard; sourceTree = "<group>"; };
		62DA08441B0EE077006F07E0 /* Images.xcassets */ = {isa = PBXFileReference; lastKnownFileType = folder.assetcatalog; path = Images.xcassets; sourceTree = "<group>"; };
		62DA08471B0EE077006F07E0 /* Base */ = {isa = PBXFileReference; lastKnownFileType = file.xib; name = Base; path = Base.lproj/LaunchScreen.xib; sourceTree = "<group>"; };
		62DA084D1B0EE077006F07E0 /* MasterDetailSwiftTests.xctest */ = {isa = PBXFileReference; explicitFileType = wrapper.cfbundle; includeInIndex = 0; path = MasterDetailSwiftTests.xctest; sourceTree = BUILT_PRODUCTS_DIR; };
		62DA08521B0EE077006F07E0 /* Info.plist */ = {isa = PBXFileReference; lastKnownFileType = text.plist.xml; path = Info.plist; sourceTree = "<group>"; };
		62DA08531B0EE077006F07E0 /* MasterDetailSwiftTests.swift */ = {isa = PBXFileReference; lastKnownFileType = sourcecode.swift; path = MasterDetailSwiftTests.swift; sourceTree = "<group>"; };
/* End PBXFileReference section */

/* Begin PBXFrameworksBuildPhase section */
		62DA08301B0EE077006F07E0 /* Frameworks */ = {
			isa = PBXFrameworksBuildPhase;
			buildActionMask = 2147483647;
			files = (
			);
			runOnlyForDeploymentPostprocessing = 0;
		};
		62DA084A1B0EE077006F07E0 /* Frameworks */ = {
			isa = PBXFrameworksBuildPhase;
			buildActionMask = 2147483647;
			files = (
			);
			runOnlyForDeploymentPostprocessing = 0;
		};
/* End PBXFrameworksBuildPhase section */

/* Begin PBXGroup section */
		62DA082A1B0EE077006F07E0 = {
			isa = PBXGroup;
			children = (
				62DA08351B0EE077006F07E0 /* MasterDetailSwift */,
				62DA08501B0EE077006F07E0 /* MasterDetailSwiftTests */,
				62DA08341B0EE077006F07E0 /* Products */,
			);
			sourceTree = "<group>";
		};
		62DA08341B0EE077006F07E0 /* Products */ = {
			isa = PBXGroup;
			children = (
				62DA08331B0EE077006F07E0 /* MasterDetailSwift.app */,
				62DA084D1B0EE077006F07E0 /* MasterDetailSwiftTests.xctest */,
			);
			name = Products;
			sourceTree = "<group>";
		};
		62DA08351B0EE077006F07E0 /* MasterDetailSwift */ = {
			isa = PBXGroup;
			children = (
				62DA08381B0EE077006F07E0 /* AppDelegate.swift */,
				62DA083D1B0EE077006F07E0 /* MasterViewController.swift */,
				62DA083F1B0EE077006F07E0 /* DetailViewController.swift */,
				62DA08411B0EE077006F07E0 /* Main.storyboard */,
				62DA08441B0EE077006F07E0 /* Images.xcassets */,
				62DA08461B0EE077006F07E0 /* LaunchScreen.xib */,
				62DA083A1B0EE077006F07E0 /* MasterDetailSwift.xcdatamodeld */,
				62DA08361B0EE077006F07E0 /* Supporting Files */,
			);
			path = MasterDetailSwift;
			sourceTree = "<group>";
		};
		62DA08361B0EE077006F07E0 /* Supporting Files */ = {
			isa = PBXGroup;
			children = (
				62DA08371B0EE077006F07E0 /* Info.plist */,
			);
			name = "Supporting Files";
			sourceTree = "<group>";
		};
		62DA08501B0EE077006F07E0 /* MasterDetailSwiftTests */ = {
			isa = PBXGroup;
			children = (
				62DA08531B0EE077006F07E0 /* MasterDetailSwiftTests.swift */,
				62DA08511B0EE077006F07E0 /* Supporting Files */,
			);
			path = MasterDetailSwiftTests;
			sourceTree = "<group>";
		};
		62DA08511B0EE077006F07E0 /* Supporting Files */ = {
			isa = PBXGroup;
			children = (
				62DA08521B0EE077006F07E0 /* Info.plist */,
			);
			name = "Supporting Files";
			sourceTree = "<group>";
		};
/* End PBXGroup section */

/* Begin PBXNativeTarget section */
		62DA08321B0EE077006F07E0 /* MasterDetailSwift */ = {
			isa = PBXNativeTarget;
			buildConfigurationList = 62DA08571B0EE077006F07E0 /* Build configuration list for PBXNativeTarget "MasterDetailSwift" */;
			buildPhases = (
				62DA082F1B0EE077006F07E0 /* Sources */,
				62DA08301B0EE077006F07E0 /* Frameworks */,
				62DA08311B0EE077006F07E0 /* Resources */,
			);
			buildRules = (
			);
			dependencies = (
			);
			name = MasterDetailSwift;
			productName = MasterDetailSwift;
			productReference = 62DA08331B0EE077006F07E0 /* MasterDetailSwift.app */;
			productType = "com.apple.product-type.application";
		};
		62DA084C1B0EE077006F07E0 /* MasterDetailSwiftTests */ = {
			isa = PBXNativeTarget;
			buildConfigurationList = 62DA085A1B0EE077006F07E0 /* Build configuration list for PBXNativeTarget "MasterDetailSwiftTests" */;
			buildPhases = (
				62DA08491B0EE077006F07E0 /* Sources */,
				62DA084A1B0EE077006F07E0 /* Frameworks */,
				62DA084B1B0EE077006F07E0 /* Resources */,
			);
			buildRules = (
			);
			dependencies = (
				62DA084F1B0EE077006F07E0 /* PBXTargetDependency */,
			);
			name = MasterDetailSwiftTests;
			productName = MasterDetailSwiftTests;
			productReference = 62DA084D1B0EE077006F07E0 /* MasterDetailSwiftTests.xctest */;
			productType = "com.apple.product-type.bundle.unit-test";
		};
/* End PBXNativeTarget section */

/* Begin PBXProject section */
		62DA082B1B0EE077006F07E0 /* Project object */ = {
			isa = PBXProject;
			attributes = {
				LastUpgradeCheck = 0630;
				ORGANIZATIONNAME = "Bone Jarring Games and Software";
				TargetAttributes = {
					62DA08321B0EE077006F07E0 = {
						CreatedOnToolsVersion = 6.3.2;
					};
					62DA084C1B0EE077006F07E0 = {
						CreatedOnToolsVersion = 6.3.2;
						TestTargetID = 62DA08321B0EE077006F07E0;
					};
				};
			};
			buildConfigurationList = 62DA082E1B0EE077006F07E0 /* Build configuration list for PBXProject "MasterDetailSwift" */;
			compatibilityVersion = "Xcode 3.2";
			developmentRegion = English;
			hasScannedForEncodings = 0;
			knownRegions = (
				en,
				Base,
			);
			mainGroup = 62DA082A1B0EE077006F07E0;
			productRefGroup = 62DA08341B0EE077006F07E0 /* Products */;
			projectDirPath = "";
			projectRoot = "";
			targets = (
				62DA08321B0EE077006F07E0 /* MasterDetailSwift */,
				62DA084C1B0EE077006F07E0 /* MasterDetailSwiftTests */,
			);
		};
/* End PBXProject section */

/* Begin PBXResourcesBuildPhase section */
		62DA08311B0EE077006F07E0 /* Resources */ = {
			isa = PBXResourcesBuildPhase;
			buildActionMask = 2147483647;
			files = (
				62DA08431B0EE077006F07E0 /* Main.storyboard in Resources */,
				62DA08481B0EE077006F07E0 /* LaunchScreen.xib in Resources */,
				62DA08451B0EE077006F07E0 /* Images.xcassets in Resources */,
			);
			runOnlyForDeploymentPostprocessing = 0;
		};
		62DA084B1B0EE077006F07E0 /* Resources */ = {
			isa = PBXResourcesBuildPhase;
			buildActionMask = 2147483647;
			files = (
			);
			runOnlyForDeploymentPostprocessing = 0;
		};
/* End PBXResourcesBuildPhase section */

/* Begin PBXSourcesBuildPhase section */
		62DA082F1B0EE077006F07E0 /* Sources */ = {
			isa = PBXSourcesBuildPhase;
			buildActionMask = 2147483647;
			files = (
				62DA083C1B0EE077006F07E0 /* MasterDetailSwift.xcdatamodeld in Sources */,
				62DA08391B0EE077006F07E0 /* AppDelegate.swift in Sources */,
				62DA083E1B0EE077006F07E0 /* MasterViewController.swift in Sources */,
				62DA08401B0EE077006F07E0 /* DetailViewController.swift in Sources */,
			);
			runOnlyForDeploymentPostprocessing = 0;
		};
		62DA08491B0EE077006F07E0 /* Sources */ = {
			isa = PBXSourcesBuildPhase;
			buildActionMask = 2147483647;
			files = (
				62DA08541B0EE077006F07E0 /* MasterDetailSwiftTests.swift in Sources */,
			);
			runOnlyForDeploymentPostprocessing = 0;
		};
/* End PBXSourcesBuildPhase section */

/* Begin PBXTargetDependency section */
		62DA084F1B0EE077006F07E0 /* PBXTargetDependency */ = {
			isa = PBXTargetDependency;
			target = 62DA08321B0EE077006F07E0 /* MasterDetailSwift */;
			targetProxy = 62DA084E1B0EE077006F07E0 /* PBXContainerItemProxy */;
		};
/* End PBXTargetDependency section */

/* Begin PBXVariantGroup section */
		62DA08411B0EE077006F07E0 /* Main.storyboard */ = {
			isa = PBXVariantGroup;
			children = (
				62DA08421B0EE077006F07E0 /* Base */,
			);
			name = Main.storyboard;
			sourceTree = "<group>";
		};
		62DA08461B0EE077006F07E0 /* LaunchScreen.xib */ = {
			isa = PBXVariantGroup;
			children = (
				62DA08471B0EE077006F07E0 /* Base */,
			);
			name = LaunchScreen.xib;
			sourceTree = "<group>";
		};
/* End PBXVariantGroup section */

/* Begin XCBuildConfiguration section */
		62DA08551B0EE077006F07E0 /* Debug */ = {
			isa = XCBuildConfiguration;
			buildSettings = {
				ALWAYS_SEARCH_USER_PATHS = NO;
				CLANG_CXX_LANGUAGE_STANDARD = "gnu++0x";
				CLANG_CXX_LIBRARY = "libc++";
				CLANG_ENABLE_MODULES = YES;
				CLANG_ENABLE_OBJC_ARC = YES;
				CLANG_WARN_BOOL_CONVERSION = YES;
				CLANG_WARN_CONSTANT_CONVERSION = YES;
				CLANG_WARN_DIRECT_OBJC_ISA_USAGE = YES_ERROR;
				CLANG_WARN_EMPTY_BODY = YES;
				CLANG_WARN_ENUM_CONVERSION = YES;
				CLANG_WARN_INT_CONVERSION = YES;
				CLANG_WARN_OBJC_ROOT_CLASS = YES_ERROR;
				CLANG_WARN_UNREACHABLE_CODE = YES;
				CLANG_WARN__DUPLICATE_METHOD_MATCH = YES;
				"CODE_SIGN_IDENTITY[sdk=iphoneos*]" = "iPhone Developer";
				COPY_PHASE_STRIP = NO;
				DEBUG_INFORMATION_FORMAT = "dwarf-with-dsym";
				ENABLE_STRICT_OBJC_MSGSEND = YES;
				GCC_C_LANGUAGE_STANDARD = gnu99;
				GCC_DYNAMIC_NO_PIC = NO;
				GCC_NO_COMMON_BLOCKS = YES;
				GCC_OPTIMIZATION_LEVEL = 0;
				GCC_PREPROCESSOR_DEFINITIONS = (
					"DEBUG=1",
					"$(inherited)",
				);
				GCC_SYMBOLS_PRIVATE_EXTERN = NO;
				GCC_WARN_64_TO_32_BIT_CONVERSION = YES;
				GCC_WARN_ABOUT_RETURN_TYPE = YES_ERROR;
				GCC_WARN_UNDECLARED_SELECTOR = YES;
				GCC_WARN_UNINITIALIZED_AUTOS = YES_AGGRESSIVE;
				GCC_WARN_UNUSED_FUNCTION = YES;
				GCC_WARN_UNUSED_VARIABLE = YES;
				IPHONEOS_DEPLOYMENT_TARGET = 8.3;
				MTL_ENABLE_DEBUG_INFO = YES;
				ONLY_ACTIVE_ARCH = YES;
				SDKROOT = iphoneos;
				SWIFT_OPTIMIZATION_LEVEL = "-Onone";
				TARGETED_DEVICE_FAMILY = "1,2";
			};
			name = Debug;
		};
		62DA08561B0EE077006F07E0 /* Release */ = {
			isa = XCBuildConfiguration;
			buildSettings = {
				ALWAYS_SEARCH_USER_PATHS = NO;
				CLANG_CXX_LANGUAGE_STANDARD = "gnu++0x";
				CLANG_CXX_LIBRARY = "libc++";
				CLANG_ENABLE_MODULES = YES;
				CLANG_ENABLE_OBJC_ARC = YES;
				CLANG_WARN_BOOL_CONVERSION = YES;
				CLANG_WARN_CONSTANT_CONVERSION = YES;
				CLANG_WARN_DIRECT_OBJC_ISA_USAGE = YES_ERROR;
				CLANG_WARN_EMPTY_BODY = YES;
				CLANG_WARN_ENUM_CONVERSION = YES;
				CLANG_WARN_INT_CONVERSION = YES;
				CLANG_WARN_OBJC_ROOT_CLASS = YES_ERROR;
				CLANG_WARN_UNREACHABLE_CODE = YES;
				CLANG_WARN__DUPLICATE_METHOD_MATCH = YES;
				"CODE_SIGN_IDENTITY[sdk=iphoneos*]" = "iPhone Developer";
				COPY_PHASE_STRIP = NO;
				DEBUG_INFORMATION_FORMAT = "dwarf-with-dsym";
				ENABLE_NS_ASSERTIONS = NO;
				ENABLE_STRICT_OBJC_MSGSEND = YES;
				GCC_C_LANGUAGE_STANDARD = gnu99;
				GCC_NO_COMMON_BLOCKS = YES;
				GCC_WARN_64_TO_32_BIT_CONVERSION = YES;
				GCC_WARN_ABOUT_RETURN_TYPE = YES_ERROR;
				GCC_WARN_UNDECLARED_SELECTOR = YES;
				GCC_WARN_UNINITIALIZED_AUTOS = YES_AGGRESSIVE;
				GCC_WARN_UNUSED_FUNCTION = YES;
				GCC_WARN_UNUSED_VARIABLE = YES;
				IPHONEOS_DEPLOYMENT_TARGET = 8.3;
				MTL_ENABLE_DEBUG_INFO = NO;
				SDKROOT = iphoneos;
				TARGETED_DEVICE_FAMILY = "1,2";
				VALIDATE_PRODUCT = YES;
			};
			name = Release;
		};
		62DA08581B0EE077006F07E0 /* Debug */ = {
			isa = XCBuildConfiguration;
			buildSettings = {
				ASSETCATALOG_COMPILER_APPICON_NAME = AppIcon;
				INFOPLIST_FILE = MasterDetailSwift/Info.plist;
				LD_RUNPATH_SEARCH_PATHS = "$(inherited) @executable_path/Frameworks";
				PRODUCT_NAME = "$(TARGET_NAME)";
			};
			name = Debug;
		};
		62DA08591B0EE077006F07E0 /* Release */ = {
			isa = XCBuildConfiguration;
			buildSettings = {
				ASSETCATALOG_COMPILER_APPICON_NAME = AppIcon;
				INFOPLIST_FILE = MasterDetailSwift/Info.plist;
				LD_RUNPATH_SEARCH_PATHS = "$(inherited) @executable_path/Frameworks";
				PRODUCT_NAME = "$(TARGET_NAME)";
			};
			name = Release;
		};
		62DA085B1B0EE077006F07E0 /* Debug */ = {
			isa = XCBuildConfiguration;
			buildSettings = {
				BUNDLE_LOADER = "$(TEST_HOST)";
				FRAMEWORK_SEARCH_PATHS = (
					"$(SDKROOT)/Developer/Library/Frameworks",
					"$(inherited)",
				);
				GCC_PREPROCESSOR_DEFINITIONS = (
					"DEBUG=1",
					"$(inherited)",
				);
				INFOPLIST_FILE = MasterDetailSwiftTests/Info.plist;
				LD_RUNPATH_SEARCH_PATHS = "$(inherited) @executable_path/Frameworks @loader_path/Frameworks";
				PRODUCT_NAME = "$(TARGET_NAME)";
				TEST_HOST = "$(BUILT_PRODUCTS_DIR)/MasterDetailSwift.app/MasterDetailSwift";
			};
			name = Debug;
		};
		62DA085C1B0EE077006F07E0 /* Release */ = {
			isa = XCBuildConfiguration;
			buildSettings = {
				BUNDLE_LOADER = "$(TEST_HOST)";
				FRAMEWORK_SEARCH_PATHS = (
					"$(SDKROOT)/Developer/Library/Frameworks",
					"$(inherited)",
				);
				INFOPLIST_FILE = MasterDetailSwiftTests/Info.plist;
				LD_RUNPATH_SEARCH_PATHS = "$(inherited) @executable_path/Frameworks @loader_path/Frameworks";
				PRODUCT_NAME = "$(TARGET_NAME)";
				TEST_HOST = "$(BUILT_PRODUCTS_DIR)/MasterDetailSwift.app/MasterDetailSwift";
			};
			name = Release;
		};
/* End XCBuildConfiguration section */

/* Begin XCConfigurationList section */
		62DA082E1B0EE077006F07E0 /* Build configuration list for PBXProject "MasterDetailSwift" */ = {
			isa = XCConfigurationList;
			buildConfigurations = (
				62DA08551B0EE077006F07E0 /* Debug */,
				62DA08561B0EE077006F07E0 /* Release */,
			);
			defaultConfigurationIsVisible = 0;
			defaultConfigurationName = Release;
		};
		62DA08571B0EE077006F07E0 /* Build configuration list for PBXNativeTarget "MasterDetailSwift" */ = {
			isa = XCConfigurationList;
			buildConfigurations = (
				62DA08581B0EE077006F07E0 /* Debug */,
				62DA08591B0EE077006F07E0 /* Release */,
			);
			defaultConfigurationIsVisible = 0;
		};
		62DA085A1B0EE077006F07E0 /* Build configuration list for PBXNativeTarget "MasterDetailSwiftTests" */ = {
			isa = XCConfigurationList;
			buildConfigurations = (
				62DA085B1B0EE077006F07E0 /* Debug */,
				62DA085C1B0EE077006F07E0 /* Release */,
			);
			defaultConfigurationIsVisible = 0;
		};
/* End XCConfigurationList section */

/* Begin XCVersionGroup section */
		62DA083A1B0EE077006F07E0 /* MasterDetailSwift.xcdatamodeld */ = {
			isa = XCVersionGroup;
			children = (
				62DA083B1B0EE077006F07E0 /* MasterDetailSwift.xcdatamodel */,
			);
			currentVersion = 62DA083B1B0EE077006F07E0 /* MasterDetailSwift.xcdatamodel */;
			path = MasterDetailSwift.xcdatamodeld;
			sourceTree = "<group>";
			versionGroupType = wrapper.xcdatamodel;
		};
/* End XCVersionGroup section */
	};
	rootObject = 62DA082B1B0EE077006F07E0 /* Project object */;
}
