// !$*UTF8*$!
{
	archiveVersion = 1;
	classes = {
	};
	objectVersion = 46;
	objects = {

/* Begin PBXBuildFile section */
		62A10A3619FDC9EA00CA9352 /* AppDelegate.swift in Sources */ = {isa = PBXBuildFile; fileRef = 62A10A3519FDC9EA00CA9352 /* AppDelegate.swift */; };
		62A10A3919FDC9EA00CA9352 /* MasterDetailSwift.xcdatamodeld in Sources */ = {isa = PBXBuildFile; fileRef = 62A10A3719FDC9EA00CA9352 /* MasterDetailSwift.xcdatamodeld */; };
		62A10A3B19FDC9EA00CA9352 /* MasterViewController.swift in Sources */ = {isa = PBXBuildFile; fileRef = 62A10A3A19FDC9EA00CA9352 /* MasterViewController.swift */; };
		62A10A3D19FDC9EA00CA9352 /* DetailViewController.swift in Sources */ = {isa = PBXBuildFile; fileRef = 62A10A3C19FDC9EA00CA9352 /* DetailViewController.swift */; };
		62A10A4019FDC9EA00CA9352 /* Main.storyboard in Resources */ = {isa = PBXBuildFile; fileRef = 62A10A3E19FDC9EA00CA9352 /* Main.storyboard */; };
		62A10A4219FDC9EA00CA9352 /* Images.xcassets in Resources */ = {isa = PBXBuildFile; fileRef = 62A10A4119FDC9EA00CA9352 /* Images.xcassets */; };
		62A10A4519FDC9EA00CA9352 /* LaunchScreen.xib in Resources */ = {isa = PBXBuildFile; fileRef = 62A10A4319FDC9EA00CA9352 /* LaunchScreen.xib */; };
		62A10A5119FDC9EB00CA9352 /* MasterDetailSwiftTests.swift in Sources */ = {isa = PBXBuildFile; fileRef = 62A10A5019FDC9EB00CA9352 /* MasterDetailSwiftTests.swift */; };
/* End PBXBuildFile section */

/* Begin PBXContainerItemProxy section */
		62A10A4B19FDC9EB00CA9352 /* PBXContainerItemProxy */ = {
			isa = PBXContainerItemProxy;
			containerPortal = 62A10A2819FDC9EA00CA9352 /* Project object */;
			proxyType = 1;
			remoteGlobalIDString = 62A10A2F19FDC9EA00CA9352;
			remoteInfo = MasterDetailSwift;
		};
/* End PBXContainerItemProxy section */

/* Begin PBXFileReference section */
		62A10A3019FDC9EA00CA9352 /* MasterDetailSwift.app */ = {isa = PBXFileReference; explicitFileType = wrapper.application; includeInIndex = 0; path = MasterDetailSwift.app; sourceTree = BUILT_PRODUCTS_DIR; };
		62A10A3419FDC9EA00CA9352 /* Info.plist */ = {isa = PBXFileReference; lastKnownFileType = text.plist.xml; path = Info.plist; sourceTree = "<group>"; };
		62A10A3519FDC9EA00CA9352 /* AppDelegate.swift */ = {isa = PBXFileReference; lastKnownFileType = sourcecode.swift; path = AppDelegate.swift; sourceTree = "<group>"; };
		62A10A3819FDC9EA00CA9352 /* MasterDetailSwift.xcdatamodel */ = {isa = PBXFileReference; lastKnownFileType = wrapper.xcdatamodel; path = MasterDetailSwift.xcdatamodel; sourceTree = "<group>"; };
		62A10A3A19FDC9EA00CA9352 /* MasterViewController.swift */ = {isa = PBXFileReference; lastKnownFileType = sourcecode.swift; path = MasterViewController.swift; sourceTree = "<group>"; };
		62A10A3C19FDC9EA00CA9352 /* DetailViewController.swift */ = {isa = PBXFileReference; lastKnownFileType = sourcecode.swift; path = DetailViewController.swift; sourceTree = "<group>"; };
		62A10A3F19FDC9EA00CA9352 /* Base */ = {isa = PBXFileReference; lastKnownFileType = file.storyboard; name = Base; path = Base.lproj/Main.storyboard; sourceTree = "<group>"; };
		62A10A4119FDC9EA00CA9352 /* Images.xcassets */ = {isa = PBXFileReference; lastKnownFileType = folder.assetcatalog; path = Images.xcassets; sourceTree = "<group>"; };
		62A10A4419FDC9EA00CA9352 /* Base */ = {isa = PBXFileReference; lastKnownFileType = file.xib; name = Base; path = Base.lproj/LaunchScreen.xib; sourceTree = "<group>"; };
		62A10A4A19FDC9EB00CA9352 /* MasterDetailSwiftTests.xctest */ = {isa = PBXFileReference; explicitFileType = wrapper.cfbundle; includeInIndex = 0; path = MasterDetailSwiftTests.xctest; sourceTree = BUILT_PRODUCTS_DIR; };
		62A10A4F19FDC9EB00CA9352 /* Info.plist */ = {isa = PBXFileReference; lastKnownFileType = text.plist.xml; path = Info.plist; sourceTree = "<group>"; };
		62A10A5019FDC9EB00CA9352 /* MasterDetailSwiftTests.swift */ = {isa = PBXFileReference; lastKnownFileType = sourcecode.swift; path = MasterDetailSwiftTests.swift; sourceTree = "<group>"; };
/* End PBXFileReference section */

/* Begin PBXFrameworksBuildPhase section */
		62A10A2D19FDC9EA00CA9352 /* Frameworks */ = {
			isa = PBXFrameworksBuildPhase;
			buildActionMask = 2147483647;
			files = (
			);
			runOnlyForDeploymentPostprocessing = 0;
		};
		62A10A4719FDC9EB00CA9352 /* Frameworks */ = {
			isa = PBXFrameworksBuildPhase;
			buildActionMask = 2147483647;
			files = (
			);
			runOnlyForDeploymentPostprocessing = 0;
		};
/* End PBXFrameworksBuildPhase section */

/* Begin PBXGroup section */
		62A10A2719FDC9EA00CA9352 = {
			isa = PBXGroup;
			children = (
				62A10A3219FDC9EA00CA9352 /* MasterDetailSwift */,
				62A10A4D19FDC9EB00CA9352 /* MasterDetailSwiftTests */,
				62A10A3119FDC9EA00CA9352 /* Products */,
			);
			sourceTree = "<group>";
		};
		62A10A3119FDC9EA00CA9352 /* Products */ = {
			isa = PBXGroup;
			children = (
				62A10A3019FDC9EA00CA9352 /* MasterDetailSwift.app */,
				62A10A4A19FDC9EB00CA9352 /* MasterDetailSwiftTests.xctest */,
			);
			name = Products;
			sourceTree = "<group>";
		};
		62A10A3219FDC9EA00CA9352 /* MasterDetailSwift */ = {
			isa = PBXGroup;
			children = (
				62A10A3519FDC9EA00CA9352 /* AppDelegate.swift */,
				62A10A3A19FDC9EA00CA9352 /* MasterViewController.swift */,
				62A10A3C19FDC9EA00CA9352 /* DetailViewController.swift */,
				62A10A3E19FDC9EA00CA9352 /* Main.storyboard */,
				62A10A4119FDC9EA00CA9352 /* Images.xcassets */,
				62A10A4319FDC9EA00CA9352 /* LaunchScreen.xib */,
				62A10A3719FDC9EA00CA9352 /* MasterDetailSwift.xcdatamodeld */,
				62A10A3319FDC9EA00CA9352 /* Supporting Files */,
			);
			path = MasterDetailSwift;
			sourceTree = "<group>";
		};
		62A10A3319FDC9EA00CA9352 /* Supporting Files */ = {
			isa = PBXGroup;
			children = (
				62A10A3419FDC9EA00CA9352 /* Info.plist */,
			);
			name = "Supporting Files";
			sourceTree = "<group>";
		};
		62A10A4D19FDC9EB00CA9352 /* MasterDetailSwiftTests */ = {
			isa = PBXGroup;
			children = (
				62A10A5019FDC9EB00CA9352 /* MasterDetailSwiftTests.swift */,
				62A10A4E19FDC9EB00CA9352 /* Supporting Files */,
			);
			path = MasterDetailSwiftTests;
			sourceTree = "<group>";
		};
		62A10A4E19FDC9EB00CA9352 /* Supporting Files */ = {
			isa = PBXGroup;
			children = (
				62A10A4F19FDC9EB00CA9352 /* Info.plist */,
			);
			name = "Supporting Files";
			sourceTree = "<group>";
		};
/* End PBXGroup section */

/* Begin PBXNativeTarget section */
		62A10A2F19FDC9EA00CA9352 /* MasterDetailSwift */ = {
			isa = PBXNativeTarget;
			buildConfigurationList = 62A10A5419FDC9EB00CA9352 /* Build configuration list for PBXNativeTarget "MasterDetailSwift" */;
			buildPhases = (
				62A10A2C19FDC9EA00CA9352 /* Sources */,
				62A10A2D19FDC9EA00CA9352 /* Frameworks */,
				62A10A2E19FDC9EA00CA9352 /* Resources */,
			);
			buildRules = (
			);
			dependencies = (
			);
			name = MasterDetailSwift;
			productName = MasterDetailSwift;
			productReference = 62A10A3019FDC9EA00CA9352 /* MasterDetailSwift.app */;
			productType = "com.apple.product-type.application";
		};
		62A10A4919FDC9EB00CA9352 /* MasterDetailSwiftTests */ = {
			isa = PBXNativeTarget;
			buildConfigurationList = 62A10A5719FDC9EB00CA9352 /* Build configuration list for PBXNativeTarget "MasterDetailSwiftTests" */;
			buildPhases = (
				62A10A4619FDC9EB00CA9352 /* Sources */,
				62A10A4719FDC9EB00CA9352 /* Frameworks */,
				62A10A4819FDC9EB00CA9352 /* Resources */,
			);
			buildRules = (
			);
			dependencies = (
				62A10A4C19FDC9EB00CA9352 /* PBXTargetDependency */,
			);
			name = MasterDetailSwiftTests;
			productName = MasterDetailSwiftTests;
			productReference = 62A10A4A19FDC9EB00CA9352 /* MasterDetailSwiftTests.xctest */;
			productType = "com.apple.product-type.bundle.unit-test";
		};
/* End PBXNativeTarget section */

/* Begin PBXProject section */
		62A10A2819FDC9EA00CA9352 /* Project object */ = {
			isa = PBXProject;
			attributes = {
				LastUpgradeCheck = 0610;
				ORGANIZATIONNAME = "Bone Jarring Games and Software";
				TargetAttributes = {
					62A10A2F19FDC9EA00CA9352 = {
						CreatedOnToolsVersion = 6.1;
					};
					62A10A4919FDC9EB00CA9352 = {
						CreatedOnToolsVersion = 6.1;
						TestTargetID = 62A10A2F19FDC9EA00CA9352;
					};
				};
			};
			buildConfigurationList = 62A10A2B19FDC9EA00CA9352 /* Build configuration list for PBXProject "MasterDetailSwift" */;
			compatibilityVersion = "Xcode 3.2";
			developmentRegion = English;
			hasScannedForEncodings = 0;
			knownRegions = (
				en,
				Base,
			);
			mainGroup = 62A10A2719FDC9EA00CA9352;
			productRefGroup = 62A10A3119FDC9EA00CA9352 /* Products */;
			projectDirPath = "";
			projectRoot = "";
			targets = (
				62A10A2F19FDC9EA00CA9352 /* MasterDetailSwift */,
				62A10A4919FDC9EB00CA9352 /* MasterDetailSwiftTests */,
			);
		};
/* End PBXProject section */

/* Begin PBXResourcesBuildPhase section */
		62A10A2E19FDC9EA00CA9352 /* Resources */ = {
			isa = PBXResourcesBuildPhase;
			buildActionMask = 2147483647;
			files = (
				62A10A4019FDC9EA00CA9352 /* Main.storyboard in Resources */,
				62A10A4519FDC9EA00CA9352 /* LaunchScreen.xib in Resources */,
				62A10A4219FDC9EA00CA9352 /* Images.xcassets in Resources */,
			);
			runOnlyForDeploymentPostprocessing = 0;
		};
		62A10A4819FDC9EB00CA9352 /* Resources */ = {
			isa = PBXResourcesBuildPhase;
			buildActionMask = 2147483647;
			files = (
			);
			runOnlyForDeploymentPostprocessing = 0;
		};
/* End PBXResourcesBuildPhase section */

/* Begin PBXSourcesBuildPhase section */
		62A10A2C19FDC9EA00CA9352 /* Sources */ = {
			isa = PBXSourcesBuildPhase;
			buildActionMask = 2147483647;
			files = (
				62A10A3919FDC9EA00CA9352 /* MasterDetailSwift.xcdatamodeld in Sources */,
				62A10A3619FDC9EA00CA9352 /* AppDelegate.swift in Sources */,
				62A10A3B19FDC9EA00CA9352 /* MasterViewController.swift in Sources */,
				62A10A3D19FDC9EA00CA9352 /* DetailViewController.swift in Sources */,
			);
			runOnlyForDeploymentPostprocessing = 0;
		};
		62A10A4619FDC9EB00CA9352 /* Sources */ = {
			isa = PBXSourcesBuildPhase;
			buildActionMask = 2147483647;
			files = (
				62A10A5119FDC9EB00CA9352 /* MasterDetailSwiftTests.swift in Sources */,
			);
			runOnlyForDeploymentPostprocessing = 0;
		};
/* End PBXSourcesBuildPhase section */

/* Begin PBXTargetDependency section */
		62A10A4C19FDC9EB00CA9352 /* PBXTargetDependency */ = {
			isa = PBXTargetDependency;
			target = 62A10A2F19FDC9EA00CA9352 /* MasterDetailSwift */;
			targetProxy = 62A10A4B19FDC9EB00CA9352 /* PBXContainerItemProxy */;
		};
/* End PBXTargetDependency section */

/* Begin PBXVariantGroup section */
		62A10A3E19FDC9EA00CA9352 /* Main.storyboard */ = {
			isa = PBXVariantGroup;
			children = (
				62A10A3F19FDC9EA00CA9352 /* Base */,
			);
			name = Main.storyboard;
			sourceTree = "<group>";
		};
		62A10A4319FDC9EA00CA9352 /* LaunchScreen.xib */ = {
			isa = PBXVariantGroup;
			children = (
				62A10A4419FDC9EA00CA9352 /* Base */,
			);
			name = LaunchScreen.xib;
			sourceTree = "<group>";
		};
/* End PBXVariantGroup section */

/* Begin XCBuildConfiguration section */
		62A10A5219FDC9EB00CA9352 /* Debug */ = {
			isa = XCBuildConfiguration;
			buildSettings = {
				ALWAYS_SEARCH_USER_PATHS = NO;
				CLANG_CXX_LANGUAGE_STANDARD = "gnu++0x";
				CLANG_CXX_LIBRARY = "libc++";
				CLANG_ENABLE_MODULES = YES;
				CLANG_ENABLE_OBJC_ARC = YES;
				CLANG_WARN_BOOL_CONVERSION = YES;
				CLANG_WARN_CONSTANT_CONVERSION = YES;
				CLANG_WARN_DIRECT_OBJC_ISA_USAGE = YES_ERROR;
				CLANG_WARN_EMPTY_BODY = YES;
				CLANG_WARN_ENUM_CONVERSION = YES;
				CLANG_WARN_INT_CONVERSION = YES;
				CLANG_WARN_OBJC_ROOT_CLASS = YES_ERROR;
				CLANG_WARN_UNREACHABLE_CODE = YES;
				CLANG_WARN__DUPLICATE_METHOD_MATCH = YES;
				"CODE_SIGN_IDENTITY[sdk=iphoneos*]" = "iPhone Developer";
				COPY_PHASE_STRIP = NO;
				ENABLE_STRICT_OBJC_MSGSEND = YES;
				GCC_C_LANGUAGE_STANDARD = gnu99;
				GCC_DYNAMIC_NO_PIC = NO;
				GCC_OPTIMIZATION_LEVEL = 0;
				GCC_PREPROCESSOR_DEFINITIONS = (
					"DEBUG=1",
					"$(inherited)",
				);
				GCC_SYMBOLS_PRIVATE_EXTERN = NO;
				GCC_WARN_64_TO_32_BIT_CONVERSION = YES;
				GCC_WARN_ABOUT_RETURN_TYPE = YES_ERROR;
				GCC_WARN_UNDECLARED_SELECTOR = YES;
				GCC_WARN_UNINITIALIZED_AUTOS = YES_AGGRESSIVE;
				GCC_WARN_UNUSED_FUNCTION = YES;
				GCC_WARN_UNUSED_VARIABLE = YES;
				IPHONEOS_DEPLOYMENT_TARGET = 8.1;
				MTL_ENABLE_DEBUG_INFO = YES;
				ONLY_ACTIVE_ARCH = YES;
				SDKROOT = iphoneos;
				SWIFT_OPTIMIZATION_LEVEL = "-Onone";
				TARGETED_DEVICE_FAMILY = "1,2";
			};
			name = Debug;
		};
		62A10A5319FDC9EB00CA9352 /* Release */ = {
			isa = XCBuildConfiguration;
			buildSettings = {
				ALWAYS_SEARCH_USER_PATHS = NO;
				CLANG_CXX_LANGUAGE_STANDARD = "gnu++0x";
				CLANG_CXX_LIBRARY = "libc++";
				CLANG_ENABLE_MODULES = YES;
				CLANG_ENABLE_OBJC_ARC = YES;
				CLANG_WARN_BOOL_CONVERSION = YES;
				CLANG_WARN_CONSTANT_CONVERSION = YES;
				CLANG_WARN_DIRECT_OBJC_ISA_USAGE = YES_ERROR;
				CLANG_WARN_EMPTY_BODY = YES;
				CLANG_WARN_ENUM_CONVERSION = YES;
				CLANG_WARN_INT_CONVERSION = YES;
				CLANG_WARN_OBJC_ROOT_CLASS = YES_ERROR;
				CLANG_WARN_UNREACHABLE_CODE = YES;
				CLANG_WARN__DUPLICATE_METHOD_MATCH = YES;
				"CODE_SIGN_IDENTITY[sdk=iphoneos*]" = "iPhone Developer";
				COPY_PHASE_STRIP = YES;
				ENABLE_NS_ASSERTIONS = NO;
				ENABLE_STRICT_OBJC_MSGSEND = YES;
				GCC_C_LANGUAGE_STANDARD = gnu99;
				GCC_WARN_64_TO_32_BIT_CONVERSION = YES;
				GCC_WARN_ABOUT_RETURN_TYPE = YES_ERROR;
				GCC_WARN_UNDECLARED_SELECTOR = YES;
				GCC_WARN_UNINITIALIZED_AUTOS = YES_AGGRESSIVE;
				GCC_WARN_UNUSED_FUNCTION = YES;
				GCC_WARN_UNUSED_VARIABLE = YES;
				IPHONEOS_DEPLOYMENT_TARGET = 8.1;
				MTL_ENABLE_DEBUG_INFO = NO;
				SDKROOT = iphoneos;
				TARGETED_DEVICE_FAMILY = "1,2";
				VALIDATE_PRODUCT = YES;
			};
			name = Release;
		};
		62A10A5519FDC9EB00CA9352 /* Debug */ = {
			isa = XCBuildConfiguration;
			buildSettings = {
				ASSETCATALOG_COMPILER_APPICON_NAME = AppIcon;
				INFOPLIST_FILE = MasterDetailSwift/Info.plist;
				LD_RUNPATH_SEARCH_PATHS = "$(inherited) @executable_path/Frameworks";
				PRODUCT_NAME = "$(TARGET_NAME)";
			};
			name = Debug;
		};
		62A10A5619FDC9EB00CA9352 /* Release */ = {
			isa = XCBuildConfiguration;
			buildSettings = {
				ASSETCATALOG_COMPILER_APPICON_NAME = AppIcon;
				INFOPLIST_FILE = MasterDetailSwift/Info.plist;
				LD_RUNPATH_SEARCH_PATHS = "$(inherited) @executable_path/Frameworks";
				PRODUCT_NAME = "$(TARGET_NAME)";
			};
			name = Release;
		};
		62A10A5819FDC9EB00CA9352 /* Debug */ = {
			isa = XCBuildConfiguration;
			buildSettings = {
				BUNDLE_LOADER = "$(TEST_HOST)";
				FRAMEWORK_SEARCH_PATHS = (
					"$(SDKROOT)/Developer/Library/Frameworks",
					"$(inherited)",
				);
				GCC_PREPROCESSOR_DEFINITIONS = (
					"DEBUG=1",
					"$(inherited)",
				);
				INFOPLIST_FILE = MasterDetailSwiftTests/Info.plist;
				LD_RUNPATH_SEARCH_PATHS = "$(inherited) @executable_path/Frameworks @loader_path/Frameworks";
				PRODUCT_NAME = "$(TARGET_NAME)";
				TEST_HOST = "$(BUILT_PRODUCTS_DIR)/MasterDetailSwift.app/MasterDetailSwift";
			};
			name = Debug;
		};
		62A10A5919FDC9EB00CA9352 /* Release */ = {
			isa = XCBuildConfiguration;
			buildSettings = {
				BUNDLE_LOADER = "$(TEST_HOST)";
				FRAMEWORK_SEARCH_PATHS = (
					"$(SDKROOT)/Developer/Library/Frameworks",
					"$(inherited)",
				);
				INFOPLIST_FILE = MasterDetailSwiftTests/Info.plist;
				LD_RUNPATH_SEARCH_PATHS = "$(inherited) @executable_path/Frameworks @loader_path/Frameworks";
				PRODUCT_NAME = "$(TARGET_NAME)";
				TEST_HOST = "$(BUILT_PRODUCTS_DIR)/MasterDetailSwift.app/MasterDetailSwift";
			};
			name = Release;
		};
/* End XCBuildConfiguration section */

/* Begin XCConfigurationList section */
		62A10A2B19FDC9EA00CA9352 /* Build configuration list for PBXProject "MasterDetailSwift" */ = {
			isa = XCConfigurationList;
			buildConfigurations = (
				62A10A5219FDC9EB00CA9352 /* Debug */,
				62A10A5319FDC9EB00CA9352 /* Release */,
			);
			defaultConfigurationIsVisible = 0;
			defaultConfigurationName = Release;
		};
		62A10A5419FDC9EB00CA9352 /* Build configuration list for PBXNativeTarget "MasterDetailSwift" */ = {
			isa = XCConfigurationList;
			buildConfigurations = (
				62A10A5519FDC9EB00CA9352 /* Debug */,
				62A10A5619FDC9EB00CA9352 /* Release */,
			);
			defaultConfigurationIsVisible = 0;
		};
		62A10A5719FDC9EB00CA9352 /* Build configuration list for PBXNativeTarget "MasterDetailSwiftTests" */ = {
			isa = XCConfigurationList;
			buildConfigurations = (
				62A10A5819FDC9EB00CA9352 /* Debug */,
				62A10A5919FDC9EB00CA9352 /* Release */,
			);
			defaultConfigurationIsVisible = 0;
		};
/* End XCConfigurationList section */

/* Begin XCVersionGroup section */
		62A10A3719FDC9EA00CA9352 /* MasterDetailSwift.xcdatamodeld */ = {
			isa = XCVersionGroup;
			children = (
				62A10A3819FDC9EA00CA9352 /* MasterDetailSwift.xcdatamodel */,
			);
			currentVersion = 62A10A3819FDC9EA00CA9352 /* MasterDetailSwift.xcdatamodel */;
			path = MasterDetailSwift.xcdatamodeld;
			sourceTree = "<group>";
			versionGroupType = wrapper.xcdatamodel;
		};
/* End XCVersionGroup section */
	};
	rootObject = 62A10A2819FDC9EA00CA9352 /* Project object */;
}
