// !$*UTF8*$!
{
	archiveVersion = 1;
	classes = {
	};
	objectVersion = 46;
	objects = {

/* Begin PBXBuildFile section */
		62507A8319CBDE8000A1D9B2 /* AppDelegate.swift in Sources */ = {isa = PBXBuildFile; fileRef = 62507A8219CBDE8000A1D9B2 /* AppDelegate.swift */; };
		62507A8619CBDE8000A1D9B2 /* MasterDetailSwift.xcdatamodeld in Sources */ = {isa = PBXBuildFile; fileRef = 62507A8419CBDE8000A1D9B2 /* MasterDetailSwift.xcdatamodeld */; };
		62507A8819CBDE8000A1D9B2 /* MasterViewController.swift in Sources */ = {isa = PBXBuildFile; fileRef = 62507A8719CBDE8000A1D9B2 /* MasterViewController.swift */; };
		62507A8A19CBDE8000A1D9B2 /* DetailViewController.swift in Sources */ = {isa = PBXBuildFile; fileRef = 62507A8919CBDE8000A1D9B2 /* DetailViewController.swift */; };
		62507A8D19CBDE8000A1D9B2 /* Main.storyboard in Resources */ = {isa = PBXBuildFile; fileRef = 62507A8B19CBDE8000A1D9B2 /* Main.storyboard */; };
		62507A8F19CBDE8000A1D9B2 /* Images.xcassets in Resources */ = {isa = PBXBuildFile; fileRef = 62507A8E19CBDE8000A1D9B2 /* Images.xcassets */; };
		62507A9219CBDE8000A1D9B2 /* LaunchScreen.xib in Resources */ = {isa = PBXBuildFile; fileRef = 62507A9019CBDE8000A1D9B2 /* LaunchScreen.xib */; };
		62507A9E19CBDE8000A1D9B2 /* MasterDetailSwiftTests.swift in Sources */ = {isa = PBXBuildFile; fileRef = 62507A9D19CBDE8000A1D9B2 /* MasterDetailSwiftTests.swift */; };
/* End PBXBuildFile section */

/* Begin PBXContainerItemProxy section */
		62507A9819CBDE8000A1D9B2 /* PBXContainerItemProxy */ = {
			isa = PBXContainerItemProxy;
			containerPortal = 62507A7519CBDE8000A1D9B2 /* Project object */;
			proxyType = 1;
			remoteGlobalIDString = 62507A7C19CBDE8000A1D9B2;
			remoteInfo = MasterDetailSwift;
		};
/* End PBXContainerItemProxy section */

/* Begin PBXFileReference section */
		62507A7D19CBDE8000A1D9B2 /* MasterDetailSwift.app */ = {isa = PBXFileReference; explicitFileType = wrapper.application; includeInIndex = 0; path = MasterDetailSwift.app; sourceTree = BUILT_PRODUCTS_DIR; };
		62507A8119CBDE8000A1D9B2 /* Info.plist */ = {isa = PBXFileReference; lastKnownFileType = text.plist.xml; path = Info.plist; sourceTree = "<group>"; };
		62507A8219CBDE8000A1D9B2 /* AppDelegate.swift */ = {isa = PBXFileReference; lastKnownFileType = sourcecode.swift; path = AppDelegate.swift; sourceTree = "<group>"; };
		62507A8519CBDE8000A1D9B2 /* MasterDetailSwift.xcdatamodel */ = {isa = PBXFileReference; lastKnownFileType = wrapper.xcdatamodel; path = MasterDetailSwift.xcdatamodel; sourceTree = "<group>"; };
		62507A8719CBDE8000A1D9B2 /* MasterViewController.swift */ = {isa = PBXFileReference; lastKnownFileType = sourcecode.swift; path = MasterViewController.swift; sourceTree = "<group>"; };
		62507A8919CBDE8000A1D9B2 /* DetailViewController.swift */ = {isa = PBXFileReference; lastKnownFileType = sourcecode.swift; path = DetailViewController.swift; sourceTree = "<group>"; };
		62507A8C19CBDE8000A1D9B2 /* Base */ = {isa = PBXFileReference; lastKnownFileType = file.storyboard; name = Base; path = Base.lproj/Main.storyboard; sourceTree = "<group>"; };
		62507A8E19CBDE8000A1D9B2 /* Images.xcassets */ = {isa = PBXFileReference; lastKnownFileType = folder.assetcatalog; path = Images.xcassets; sourceTree = "<group>"; };
		62507A9119CBDE8000A1D9B2 /* Base */ = {isa = PBXFileReference; lastKnownFileType = file.xib; name = Base; path = Base.lproj/LaunchScreen.xib; sourceTree = "<group>"; };
		62507A9719CBDE8000A1D9B2 /* MasterDetailSwiftTests.xctest */ = {isa = PBXFileReference; explicitFileType = wrapper.cfbundle; includeInIndex = 0; path = MasterDetailSwiftTests.xctest; sourceTree = BUILT_PRODUCTS_DIR; };
		62507A9C19CBDE8000A1D9B2 /* Info.plist */ = {isa = PBXFileReference; lastKnownFileType = text.plist.xml; path = Info.plist; sourceTree = "<group>"; };
		62507A9D19CBDE8000A1D9B2 /* MasterDetailSwiftTests.swift */ = {isa = PBXFileReference; lastKnownFileType = sourcecode.swift; path = MasterDetailSwiftTests.swift; sourceTree = "<group>"; };
/* End PBXFileReference section */

/* Begin PBXFrameworksBuildPhase section */
		62507A7A19CBDE8000A1D9B2 /* Frameworks */ = {
			isa = PBXFrameworksBuildPhase;
			buildActionMask = 2147483647;
			files = (
			);
			runOnlyForDeploymentPostprocessing = 0;
		};
		62507A9419CBDE8000A1D9B2 /* Frameworks */ = {
			isa = PBXFrameworksBuildPhase;
			buildActionMask = 2147483647;
			files = (
			);
			runOnlyForDeploymentPostprocessing = 0;
		};
/* End PBXFrameworksBuildPhase section */

/* Begin PBXGroup section */
		62507A7419CBDE8000A1D9B2 = {
			isa = PBXGroup;
			children = (
				62507A7F19CBDE8000A1D9B2 /* MasterDetailSwift */,
				62507A9A19CBDE8000A1D9B2 /* MasterDetailSwiftTests */,
				62507A7E19CBDE8000A1D9B2 /* Products */,
			);
			sourceTree = "<group>";
		};
		62507A7E19CBDE8000A1D9B2 /* Products */ = {
			isa = PBXGroup;
			children = (
				62507A7D19CBDE8000A1D9B2 /* MasterDetailSwift.app */,
				62507A9719CBDE8000A1D9B2 /* MasterDetailSwiftTests.xctest */,
			);
			name = Products;
			sourceTree = "<group>";
		};
		62507A7F19CBDE8000A1D9B2 /* MasterDetailSwift */ = {
			isa = PBXGroup;
			children = (
				62507A8219CBDE8000A1D9B2 /* AppDelegate.swift */,
				62507A8719CBDE8000A1D9B2 /* MasterViewController.swift */,
				62507A8919CBDE8000A1D9B2 /* DetailViewController.swift */,
				62507A8B19CBDE8000A1D9B2 /* Main.storyboard */,
				62507A8E19CBDE8000A1D9B2 /* Images.xcassets */,
				62507A9019CBDE8000A1D9B2 /* LaunchScreen.xib */,
				62507A8419CBDE8000A1D9B2 /* MasterDetailSwift.xcdatamodeld */,
				62507A8019CBDE8000A1D9B2 /* Supporting Files */,
			);
			path = MasterDetailSwift;
			sourceTree = "<group>";
		};
		62507A8019CBDE8000A1D9B2 /* Supporting Files */ = {
			isa = PBXGroup;
			children = (
				62507A8119CBDE8000A1D9B2 /* Info.plist */,
			);
			name = "Supporting Files";
			sourceTree = "<group>";
		};
		62507A9A19CBDE8000A1D9B2 /* MasterDetailSwiftTests */ = {
			isa = PBXGroup;
			children = (
				62507A9D19CBDE8000A1D9B2 /* MasterDetailSwiftTests.swift */,
				62507A9B19CBDE8000A1D9B2 /* Supporting Files */,
			);
			path = MasterDetailSwiftTests;
			sourceTree = "<group>";
		};
		62507A9B19CBDE8000A1D9B2 /* Supporting Files */ = {
			isa = PBXGroup;
			children = (
				62507A9C19CBDE8000A1D9B2 /* Info.plist */,
			);
			name = "Supporting Files";
			sourceTree = "<group>";
		};
/* End PBXGroup section */

/* Begin PBXNativeTarget section */
		62507A7C19CBDE8000A1D9B2 /* MasterDetailSwift */ = {
			isa = PBXNativeTarget;
			buildConfigurationList = 62507AA119CBDE8000A1D9B2 /* Build configuration list for PBXNativeTarget "MasterDetailSwift" */;
			buildPhases = (
				62507A7919CBDE8000A1D9B2 /* Sources */,
				62507A7A19CBDE8000A1D9B2 /* Frameworks */,
				62507A7B19CBDE8000A1D9B2 /* Resources */,
			);
			buildRules = (
			);
			dependencies = (
			);
			name = MasterDetailSwift;
			productName = MasterDetailSwift;
			productReference = 62507A7D19CBDE8000A1D9B2 /* MasterDetailSwift.app */;
			productType = "com.apple.product-type.application";
		};
		62507A9619CBDE8000A1D9B2 /* MasterDetailSwiftTests */ = {
			isa = PBXNativeTarget;
			buildConfigurationList = 62507AA419CBDE8000A1D9B2 /* Build configuration list for PBXNativeTarget "MasterDetailSwiftTests" */;
			buildPhases = (
				62507A9319CBDE8000A1D9B2 /* Sources */,
				62507A9419CBDE8000A1D9B2 /* Frameworks */,
				62507A9519CBDE8000A1D9B2 /* Resources */,
			);
			buildRules = (
			);
			dependencies = (
				62507A9919CBDE8000A1D9B2 /* PBXTargetDependency */,
			);
			name = MasterDetailSwiftTests;
			productName = MasterDetailSwiftTests;
			productReference = 62507A9719CBDE8000A1D9B2 /* MasterDetailSwiftTests.xctest */;
			productType = "com.apple.product-type.bundle.unit-test";
		};
/* End PBXNativeTarget section */

/* Begin PBXProject section */
		62507A7519CBDE8000A1D9B2 /* Project object */ = {
			isa = PBXProject;
			attributes = {
				LastUpgradeCheck = 0600;
				ORGANIZATIONNAME = "Bone Jarring Games and Software";
				TargetAttributes = {
					62507A7C19CBDE8000A1D9B2 = {
						CreatedOnToolsVersion = 6.0.1;
					};
					62507A9619CBDE8000A1D9B2 = {
						CreatedOnToolsVersion = 6.0.1;
						TestTargetID = 62507A7C19CBDE8000A1D9B2;
					};
				};
			};
			buildConfigurationList = 62507A7819CBDE8000A1D9B2 /* Build configuration list for PBXProject "MasterDetailSwift" */;
			compatibilityVersion = "Xcode 3.2";
			developmentRegion = English;
			hasScannedForEncodings = 0;
			knownRegions = (
				en,
				Base,
			);
			mainGroup = 62507A7419CBDE8000A1D9B2;
			productRefGroup = 62507A7E19CBDE8000A1D9B2 /* Products */;
			projectDirPath = "";
			projectRoot = "";
			targets = (
				62507A7C19CBDE8000A1D9B2 /* MasterDetailSwift */,
				62507A9619CBDE8000A1D9B2 /* MasterDetailSwiftTests */,
			);
		};
/* End PBXProject section */

/* Begin PBXResourcesBuildPhase section */
		62507A7B19CBDE8000A1D9B2 /* Resources */ = {
			isa = PBXResourcesBuildPhase;
			buildActionMask = 2147483647;
			files = (
				62507A8D19CBDE8000A1D9B2 /* Main.storyboard in Resources */,
				62507A9219CBDE8000A1D9B2 /* LaunchScreen.xib in Resources */,
				62507A8F19CBDE8000A1D9B2 /* Images.xcassets in Resources */,
			);
			runOnlyForDeploymentPostprocessing = 0;
		};
		62507A9519CBDE8000A1D9B2 /* Resources */ = {
			isa = PBXResourcesBuildPhase;
			buildActionMask = 2147483647;
			files = (
			);
			runOnlyForDeploymentPostprocessing = 0;
		};
/* End PBXResourcesBuildPhase section */

/* Begin PBXSourcesBuildPhase section */
		62507A7919CBDE8000A1D9B2 /* Sources */ = {
			isa = PBXSourcesBuildPhase;
			buildActionMask = 2147483647;
			files = (
				62507A8619CBDE8000A1D9B2 /* MasterDetailSwift.xcdatamodeld in Sources */,
				62507A8319CBDE8000A1D9B2 /* AppDelegate.swift in Sources */,
				62507A8819CBDE8000A1D9B2 /* MasterViewController.swift in Sources */,
				62507A8A19CBDE8000A1D9B2 /* DetailViewController.swift in Sources */,
			);
			runOnlyForDeploymentPostprocessing = 0;
		};
		62507A9319CBDE8000A1D9B2 /* Sources */ = {
			isa = PBXSourcesBuildPhase;
			buildActionMask = 2147483647;
			files = (
				62507A9E19CBDE8000A1D9B2 /* MasterDetailSwiftTests.swift in Sources */,
			);
			runOnlyForDeploymentPostprocessing = 0;
		};
/* End PBXSourcesBuildPhase section */

/* Begin PBXTargetDependency section */
		62507A9919CBDE8000A1D9B2 /* PBXTargetDependency */ = {
			isa = PBXTargetDependency;
			target = 62507A7C19CBDE8000A1D9B2 /* MasterDetailSwift */;
			targetProxy = 62507A9819CBDE8000A1D9B2 /* PBXContainerItemProxy */;
		};
/* End PBXTargetDependency section */

/* Begin PBXVariantGroup section */
		62507A8B19CBDE8000A1D9B2 /* Main.storyboard */ = {
			isa = PBXVariantGroup;
			children = (
				62507A8C19CBDE8000A1D9B2 /* Base */,
			);
			name = Main.storyboard;
			sourceTree = "<group>";
		};
		62507A9019CBDE8000A1D9B2 /* LaunchScreen.xib */ = {
			isa = PBXVariantGroup;
			children = (
				62507A9119CBDE8000A1D9B2 /* Base */,
			);
			name = LaunchScreen.xib;
			sourceTree = "<group>";
		};
/* End PBXVariantGroup section */

/* Begin XCBuildConfiguration section */
		62507A9F19CBDE8000A1D9B2 /* Debug */ = {
			isa = XCBuildConfiguration;
			buildSettings = {
				ALWAYS_SEARCH_USER_PATHS = NO;
				CLANG_CXX_LANGUAGE_STANDARD = "gnu++0x";
				CLANG_CXX_LIBRARY = "libc++";
				CLANG_ENABLE_MODULES = YES;
				CLANG_ENABLE_OBJC_ARC = YES;
				CLANG_WARN_BOOL_CONVERSION = YES;
				CLANG_WARN_CONSTANT_CONVERSION = YES;
				CLANG_WARN_DIRECT_OBJC_ISA_USAGE = YES_ERROR;
				CLANG_WARN_EMPTY_BODY = YES;
				CLANG_WARN_ENUM_CONVERSION = YES;
				CLANG_WARN_INT_CONVERSION = YES;
				CLANG_WARN_OBJC_ROOT_CLASS = YES_ERROR;
				CLANG_WARN_UNREACHABLE_CODE = YES;
				CLANG_WARN__DUPLICATE_METHOD_MATCH = YES;
				"CODE_SIGN_IDENTITY[sdk=iphoneos*]" = "iPhone Developer";
				COPY_PHASE_STRIP = NO;
				ENABLE_STRICT_OBJC_MSGSEND = YES;
				GCC_C_LANGUAGE_STANDARD = gnu99;
				GCC_DYNAMIC_NO_PIC = NO;
				GCC_OPTIMIZATION_LEVEL = 0;
				GCC_PREPROCESSOR_DEFINITIONS = (
					"DEBUG=1",
					"$(inherited)",
				);
				GCC_SYMBOLS_PRIVATE_EXTERN = NO;
				GCC_WARN_64_TO_32_BIT_CONVERSION = YES;
				GCC_WARN_ABOUT_RETURN_TYPE = YES_ERROR;
				GCC_WARN_UNDECLARED_SELECTOR = YES;
				GCC_WARN_UNINITIALIZED_AUTOS = YES_AGGRESSIVE;
				GCC_WARN_UNUSED_FUNCTION = YES;
				GCC_WARN_UNUSED_VARIABLE = YES;
				IPHONEOS_DEPLOYMENT_TARGET = 8.0;
				MTL_ENABLE_DEBUG_INFO = YES;
				ONLY_ACTIVE_ARCH = YES;
				SDKROOT = iphoneos;
				SWIFT_OPTIMIZATION_LEVEL = "-Onone";
				TARGETED_DEVICE_FAMILY = "1,2";
			};
			name = Debug;
		};
		62507AA019CBDE8000A1D9B2 /* Release */ = {
			isa = XCBuildConfiguration;
			buildSettings = {
				ALWAYS_SEARCH_USER_PATHS = NO;
				CLANG_CXX_LANGUAGE_STANDARD = "gnu++0x";
				CLANG_CXX_LIBRARY = "libc++";
				CLANG_ENABLE_MODULES = YES;
				CLANG_ENABLE_OBJC_ARC = YES;
				CLANG_WARN_BOOL_CONVERSION = YES;
				CLANG_WARN_CONSTANT_CONVERSION = YES;
				CLANG_WARN_DIRECT_OBJC_ISA_USAGE = YES_ERROR;
				CLANG_WARN_EMPTY_BODY = YES;
				CLANG_WARN_ENUM_CONVERSION = YES;
				CLANG_WARN_INT_CONVERSION = YES;
				CLANG_WARN_OBJC_ROOT_CLASS = YES_ERROR;
				CLANG_WARN_UNREACHABLE_CODE = YES;
				CLANG_WARN__DUPLICATE_METHOD_MATCH = YES;
				"CODE_SIGN_IDENTITY[sdk=iphoneos*]" = "iPhone Developer";
				COPY_PHASE_STRIP = YES;
				ENABLE_NS_ASSERTIONS = NO;
				ENABLE_STRICT_OBJC_MSGSEND = YES;
				GCC_C_LANGUAGE_STANDARD = gnu99;
				GCC_WARN_64_TO_32_BIT_CONVERSION = YES;
				GCC_WARN_ABOUT_RETURN_TYPE = YES_ERROR;
				GCC_WARN_UNDECLARED_SELECTOR = YES;
				GCC_WARN_UNINITIALIZED_AUTOS = YES_AGGRESSIVE;
				GCC_WARN_UNUSED_FUNCTION = YES;
				GCC_WARN_UNUSED_VARIABLE = YES;
				IPHONEOS_DEPLOYMENT_TARGET = 8.0;
				MTL_ENABLE_DEBUG_INFO = NO;
				SDKROOT = iphoneos;
				TARGETED_DEVICE_FAMILY = "1,2";
				VALIDATE_PRODUCT = YES;
			};
			name = Release;
		};
		62507AA219CBDE8000A1D9B2 /* Debug */ = {
			isa = XCBuildConfiguration;
			buildSettings = {
				ASSETCATALOG_COMPILER_APPICON_NAME = AppIcon;
				INFOPLIST_FILE = MasterDetailSwift/Info.plist;
				LD_RUNPATH_SEARCH_PATHS = "$(inherited) @executable_path/Frameworks";
				PRODUCT_NAME = "$(TARGET_NAME)";
			};
			name = Debug;
		};
		62507AA319CBDE8000A1D9B2 /* Release */ = {
			isa = XCBuildConfiguration;
			buildSettings = {
				ASSETCATALOG_COMPILER_APPICON_NAME = AppIcon;
				INFOPLIST_FILE = MasterDetailSwift/Info.plist;
				LD_RUNPATH_SEARCH_PATHS = "$(inherited) @executable_path/Frameworks";
				PRODUCT_NAME = "$(TARGET_NAME)";
			};
			name = Release;
		};
		62507AA519CBDE8000A1D9B2 /* Debug */ = {
			isa = XCBuildConfiguration;
			buildSettings = {
				BUNDLE_LOADER = "$(TEST_HOST)";
				FRAMEWORK_SEARCH_PATHS = (
					"$(SDKROOT)/Developer/Library/Frameworks",
					"$(inherited)",
				);
				GCC_PREPROCESSOR_DEFINITIONS = (
					"DEBUG=1",
					"$(inherited)",
				);
				INFOPLIST_FILE = MasterDetailSwiftTests/Info.plist;
				LD_RUNPATH_SEARCH_PATHS = "$(inherited) @executable_path/Frameworks @loader_path/Frameworks";
				PRODUCT_NAME = "$(TARGET_NAME)";
				TEST_HOST = "$(BUILT_PRODUCTS_DIR)/MasterDetailSwift.app/MasterDetailSwift";
			};
			name = Debug;
		};
		62507AA619CBDE8000A1D9B2 /* Release */ = {
			isa = XCBuildConfiguration;
			buildSettings = {
				BUNDLE_LOADER = "$(TEST_HOST)";
				FRAMEWORK_SEARCH_PATHS = (
					"$(SDKROOT)/Developer/Library/Frameworks",
					"$(inherited)",
				);
				INFOPLIST_FILE = MasterDetailSwiftTests/Info.plist;
				LD_RUNPATH_SEARCH_PATHS = "$(inherited) @executable_path/Frameworks @loader_path/Frameworks";
				PRODUCT_NAME = "$(TARGET_NAME)";
				TEST_HOST = "$(BUILT_PRODUCTS_DIR)/MasterDetailSwift.app/MasterDetailSwift";
			};
			name = Release;
		};
/* End XCBuildConfiguration section */

/* Begin XCConfigurationList section */
		62507A7819CBDE8000A1D9B2 /* Build configuration list for PBXProject "MasterDetailSwift" */ = {
			isa = XCConfigurationList;
			buildConfigurations = (
				62507A9F19CBDE8000A1D9B2 /* Debug */,
				62507AA019CBDE8000A1D9B2 /* Release */,
			);
			defaultConfigurationIsVisible = 0;
			defaultConfigurationName = Release;
		};
		62507AA119CBDE8000A1D9B2 /* Build configuration list for PBXNativeTarget "MasterDetailSwift" */ = {
			isa = XCConfigurationList;
			buildConfigurations = (
				62507AA219CBDE8000A1D9B2 /* Debug */,
				62507AA319CBDE8000A1D9B2 /* Release */,
			);
			defaultConfigurationIsVisible = 0;
		};
		62507AA419CBDE8000A1D9B2 /* Build configuration list for PBXNativeTarget "MasterDetailSwiftTests" */ = {
			isa = XCConfigurationList;
			buildConfigurations = (
				62507AA519CBDE8000A1D9B2 /* Debug */,
				62507AA619CBDE8000A1D9B2 /* Release */,
			);
			defaultConfigurationIsVisible = 0;
		};
/* End XCConfigurationList section */

/* Begin XCVersionGroup section */
		62507A8419CBDE8000A1D9B2 /* MasterDetailSwift.xcdatamodeld */ = {
			isa = XCVersionGroup;
			children = (
				62507A8519CBDE8000A1D9B2 /* MasterDetailSwift.xcdatamodel */,
			);
			currentVersion = 62507A8519CBDE8000A1D9B2 /* MasterDetailSwift.xcdatamodel */;
			path = MasterDetailSwift.xcdatamodeld;
			sourceTree = "<group>";
			versionGroupType = wrapper.xcdatamodel;
		};
/* End XCVersionGroup section */
	};
	rootObject = 62507A7519CBDE8000A1D9B2 /* Project object */;
}
