// !$*UTF8*$!
{
	archiveVersion = 1;
	classes = {
	};
	objectVersion = 46;
	objects = {

/* Begin PBXBuildFile section */
		629EBBC7179491DE0022F845 /* UIKit.framework in Frameworks */ = {isa = PBXBuildFile; fileRef = 629EBBC6179491DE0022F845 /* UIKit.framework */; };
		629EBBC9179491DE0022F845 /* Foundation.framework in Frameworks */ = {isa = PBXBuildFile; fileRef = 629EBBC8179491DE0022F845 /* Foundation.framework */; };
		629EBBCB179491DE0022F845 /* CoreGraphics.framework in Frameworks */ = {isa = PBXBuildFile; fileRef = 629EBBCA179491DE0022F845 /* CoreGraphics.framework */; };
		629EBBD1179491DE0022F845 /* InfoPlist.strings in Resources */ = {isa = PBXBuildFile; fileRef = 629EBBCF179491DE0022F845 /* InfoPlist.strings */; };
		629EBBD3179491DE0022F845 /* main.m in Sources */ = {isa = PBXBuildFile; fileRef = 629EBBD2179491DE0022F845 /* main.m */; };
		629EBBD7179491DE0022F845 /* AppDelegate.m in Sources */ = {isa = PBXBuildFile; fileRef = 629EBBD6179491DE0022F845 /* AppDelegate.m */; };
		629EBBD9179491DE0022F845 /* Default.png in Resources */ = {isa = PBXBuildFile; fileRef = 629EBBD8179491DE0022F845 /* Default.png */; };
		629EBBDB179491DE0022F845 /* Default@2x.png in Resources */ = {isa = PBXBuildFile; fileRef = 629EBBDA179491DE0022F845 /* Default@2x.png */; };
		629EBBDD179491DE0022F845 /* Default-568h@2x.png in Resources */ = {isa = PBXBuildFile; fileRef = 629EBBDC179491DE0022F845 /* Default-568h@2x.png */; };
		629EBBE0179491DE0022F845 /* MainStoryboard.storyboard in Resources */ = {isa = PBXBuildFile; fileRef = 629EBBDE179491DE0022F845 /* MainStoryboard.storyboard */; };
		629EBBE3179491DE0022F845 /* MasterViewController.m in Sources */ = {isa = PBXBuildFile; fileRef = 629EBBE2179491DE0022F845 /* MasterViewController.m */; };
		629EBBE6179491DE0022F845 /* DetailViewController.m in Sources */ = {isa = PBXBuildFile; fileRef = 629EBBE5179491DE0022F845 /* DetailViewController.m */; };
		629EBBF11794947F0022F845 /* SampleDocument.m in Sources */ = {isa = PBXBuildFile; fileRef = 629EBBF01794947F0022F845 /* SampleDocument.m */; };
/* End PBXBuildFile section */

/* Begin PBXFileReference section */
		629EBBC3179491DE0022F845 /* iOSDocument.app */ = {isa = PBXFileReference; explicitFileType = wrapper.application; includeInIndex = 0; path = iOSDocument.app; sourceTree = BUILT_PRODUCTS_DIR; };
		629EBBC6179491DE0022F845 /* UIKit.framework */ = {isa = PBXFileReference; lastKnownFileType = wrapper.framework; name = UIKit.framework; path = System/Library/Frameworks/UIKit.framework; sourceTree = SDKROOT; };
		629EBBC8179491DE0022F845 /* Foundation.framework */ = {isa = PBXFileReference; lastKnownFileType = wrapper.framework; name = Foundation.framework; path = System/Library/Frameworks/Foundation.framework; sourceTree = SDKROOT; };
		629EBBCA179491DE0022F845 /* CoreGraphics.framework */ = {isa = PBXFileReference; lastKnownFileType = wrapper.framework; name = CoreGraphics.framework; path = System/Library/Frameworks/CoreGraphics.framework; sourceTree = SDKROOT; };
		629EBBCE179491DE0022F845 /* iOSDocument-Info.plist */ = {isa = PBXFileReference; lastKnownFileType = text.plist.xml; path = "iOSDocument-Info.plist"; sourceTree = "<group>"; };
		629EBBD0179491DE0022F845 /* en */ = {isa = PBXFileReference; lastKnownFileType = text.plist.strings; name = en; path = en.lproj/InfoPlist.strings; sourceTree = "<group>"; };
		629EBBD2179491DE0022F845 /* main.m */ = {isa = PBXFileReference; lastKnownFileType = sourcecode.c.objc; path = main.m; sourceTree = "<group>"; };
		629EBBD4179491DE0022F845 /* iOSDocument-Prefix.pch */ = {isa = PBXFileReference; lastKnownFileType = sourcecode.c.h; path = "iOSDocument-Prefix.pch"; sourceTree = "<group>"; };
		629EBBD5179491DE0022F845 /* AppDelegate.h */ = {isa = PBXFileReference; lastKnownFileType = sourcecode.c.h; path = AppDelegate.h; sourceTree = "<group>"; };
		629EBBD6179491DE0022F845 /* AppDelegate.m */ = {isa = PBXFileReference; lastKnownFileType = sourcecode.c.objc; path = AppDelegate.m; sourceTree = "<group>"; };
		629EBBD8179491DE0022F845 /* Default.png */ = {isa = PBXFileReference; lastKnownFileType = image.png; path = Default.png; sourceTree = "<group>"; };
		629EBBDA179491DE0022F845 /* Default@2x.png */ = {isa = PBXFileReference; lastKnownFileType = image.png; path = "Default@2x.png"; sourceTree = "<group>"; };
		629EBBDC179491DE0022F845 /* Default-568h@2x.png */ = {isa = PBXFileReference; lastKnownFileType = image.png; path = "Default-568h@2x.png"; sourceTree = "<group>"; };
		629EBBDF179491DE0022F845 /* en */ = {isa = PBXFileReference; lastKnownFileType = file.storyboard; name = en; path = en.lproj/MainStoryboard.storyboard; sourceTree = "<group>"; };
		629EBBE1179491DE0022F845 /* MasterViewController.h */ = {isa = PBXFileReference; lastKnownFileType = sourcecode.c.h; path = MasterViewController.h; sourceTree = "<group>"; };
		629EBBE2179491DE0022F845 /* MasterViewController.m */ = {isa = PBXFileReference; lastKnownFileType = sourcecode.c.objc; path = MasterViewController.m; sourceTree = "<group>"; };
		629EBBE4179491DE0022F845 /* DetailViewController.h */ = {isa = PBXFileReference; lastKnownFileType = sourcecode.c.h; path = DetailViewController.h; sourceTree = "<group>"; };
		629EBBE5179491DE0022F845 /* DetailViewController.m */ = {isa = PBXFileReference; lastKnownFileType = sourcecode.c.objc; path = DetailViewController.m; sourceTree = "<group>"; };
		629EBBEF1794947F0022F845 /* SampleDocument.h */ = {isa = PBXFileReference; fileEncoding = 4; lastKnownFileType = sourcecode.c.h; name = SampleDocument.h; path = ../SampleDocument.h; sourceTree = "<group>"; };
		629EBBF01794947F0022F845 /* SampleDocument.m */ = {isa = PBXFileReference; fileEncoding = 4; lastKnownFileType = sourcecode.c.objc; name = SampleDocument.m; path = ../SampleDocument.m; sourceTree = "<group>"; };
/* End PBXFileReference section */

/* Begin PBXFrameworksBuildPhase section */
		629EBBC0179491DE0022F845 /* Frameworks */ = {
			isa = PBXFrameworksBuildPhase;
			buildActionMask = 2147483647;
			files = (
				629EBBC7179491DE0022F845 /* UIKit.framework in Frameworks */,
				629EBBC9179491DE0022F845 /* Foundation.framework in Frameworks */,
				629EBBCB179491DE0022F845 /* CoreGraphics.framework in Frameworks */,
			);
			runOnlyForDeploymentPostprocessing = 0;
		};
/* End PBXFrameworksBuildPhase section */

/* Begin PBXGroup section */
		629EBBBA179491DE0022F845 = {
			isa = PBXGroup;
			children = (
				629EBBCC179491DE0022F845 /* iOSDocument */,
				629EBBC5179491DE0022F845 /* Frameworks */,
				629EBBC4179491DE0022F845 /* Products */,
			);
			sourceTree = "<group>";
		};
		629EBBC4179491DE0022F845 /* Products */ = {
			isa = PBXGroup;
			children = (
				629EBBC3179491DE0022F845 /* iOSDocument.app */,
			);
			name = Products;
			sourceTree = "<group>";
		};
		629EBBC5179491DE0022F845 /* Frameworks */ = {
			isa = PBXGroup;
			children = (
				629EBBC6179491DE0022F845 /* UIKit.framework */,
				629EBBC8179491DE0022F845 /* Foundation.framework */,
				629EBBCA179491DE0022F845 /* CoreGraphics.framework */,
			);
			name = Frameworks;
			sourceTree = "<group>";
		};
		629EBBCC179491DE0022F845 /* iOSDocument */ = {
			isa = PBXGroup;
			children = (
				629EBBEF1794947F0022F845 /* SampleDocument.h */,
				629EBBF01794947F0022F845 /* SampleDocument.m */,
				629EBBD5179491DE0022F845 /* AppDelegate.h */,
				629EBBD6179491DE0022F845 /* AppDelegate.m */,
				629EBBDE179491DE0022F845 /* MainStoryboard.storyboard */,
				629EBBE1179491DE0022F845 /* MasterViewController.h */,
				629EBBE2179491DE0022F845 /* MasterViewController.m */,
				629EBBE4179491DE0022F845 /* DetailViewController.h */,
				629EBBE5179491DE0022F845 /* DetailViewController.m */,
				629EBBCD179491DE0022F845 /* Supporting Files */,
			);
			path = iOSDocument;
			sourceTree = "<group>";
		};
		629EBBCD179491DE0022F845 /* Supporting Files */ = {
			isa = PBXGroup;
			children = (
				629EBBCE179491DE0022F845 /* iOSDocument-Info.plist */,
				629EBBCF179491DE0022F845 /* InfoPlist.strings */,
				629EBBD2179491DE0022F845 /* main.m */,
				629EBBD4179491DE0022F845 /* iOSDocument-Prefix.pch */,
				629EBBD8179491DE0022F845 /* Default.png */,
				629EBBDA179491DE0022F845 /* Default@2x.png */,
				629EBBDC179491DE0022F845 /* Default-568h@2x.png */,
			);
			name = "Supporting Files";
			sourceTree = "<group>";
		};
/* End PBXGroup section */

/* Begin PBXNativeTarget section */
		629EBBC2179491DE0022F845 /* iOSDocument */ = {
			isa = PBXNativeTarget;
			buildConfigurationList = 629EBBE9179491DE0022F845 /* Build configuration list for PBXNativeTarget "iOSDocument" */;
			buildPhases = (
				629EBBBF179491DE0022F845 /* Sources */,
				629EBBC0179491DE0022F845 /* Frameworks */,
				629EBBC1179491DE0022F845 /* Resources */,
			);
			buildRules = (
			);
			dependencies = (
			);
			name = iOSDocument;
			productName = iOSDocument;
			productReference = 629EBBC3179491DE0022F845 /* iOSDocument.app */;
			productType = "com.apple.product-type.application";
		};
/* End PBXNativeTarget section */

/* Begin PBXProject section */
		629EBBBB179491DE0022F845 /* Project object */ = {
			isa = PBXProject;
			attributes = {
				LastUpgradeCheck = 0460;
				ORGANIZATIONNAME = "Syd Polk";
			};
			buildConfigurationList = 629EBBBE179491DE0022F845 /* Build configuration list for PBXProject "iOSDocument" */;
			compatibilityVersion = "Xcode 3.2";
			developmentRegion = English;
			hasScannedForEncodings = 0;
			knownRegions = (
				en,
			);
			mainGroup = 629EBBBA179491DE0022F845;
			productRefGroup = 629EBBC4179491DE0022F845 /* Products */;
			projectDirPath = "";
			projectRoot = "";
			targets = (
				629EBBC2179491DE0022F845 /* iOSDocument */,
			);
		};
/* End PBXProject section */

/* Begin PBXResourcesBuildPhase section */
		629EBBC1179491DE0022F845 /* Resources */ = {
			isa = PBXResourcesBuildPhase;
			buildActionMask = 2147483647;
			files = (
				629EBBD1179491DE0022F845 /* InfoPlist.strings in Resources */,
				629EBBD9179491DE0022F845 /* Default.png in Resources */,
				629EBBDB179491DE0022F845 /* Default@2x.png in Resources */,
				629EBBDD179491DE0022F845 /* Default-568h@2x.png in Resources */,
				629EBBE0179491DE0022F845 /* MainStoryboard.storyboard in Resources */,
			);
			runOnlyForDeploymentPostprocessing = 0;
		};
/* End PBXResourcesBuildPhase section */

/* Begin PBXSourcesBuildPhase section */
		629EBBBF179491DE0022F845 /* Sources */ = {
			isa = PBXSourcesBuildPhase;
			buildActionMask = 2147483647;
			files = (
				629EBBD3179491DE0022F845 /* main.m in Sources */,
				629EBBD7179491DE0022F845 /* AppDelegate.m in Sources */,
				629EBBE3179491DE0022F845 /* MasterViewController.m in Sources */,
				629EBBE6179491DE0022F845 /* DetailViewController.m in Sources */,
				629EBBF11794947F0022F845 /* SampleDocument.m in Sources */,
			);
			runOnlyForDeploymentPostprocessing = 0;
		};
/* End PBXSourcesBuildPhase section */

/* Begin PBXVariantGroup section */
		629EBBCF179491DE0022F845 /* InfoPlist.strings */ = {
			isa = PBXVariantGroup;
			children = (
				629EBBD0179491DE0022F845 /* en */,
			);
			name = InfoPlist.strings;
			sourceTree = "<group>";
		};
		629EBBDE179491DE0022F845 /* MainStoryboard.storyboard */ = {
			isa = PBXVariantGroup;
			children = (
				629EBBDF179491DE0022F845 /* en */,
			);
			name = MainStoryboard.storyboard;
			sourceTree = "<group>";
		};
/* End PBXVariantGroup section */

/* Begin XCBuildConfiguration section */
		629EBBE7179491DE0022F845 /* Debug */ = {
			isa = XCBuildConfiguration;
			buildSettings = {
				ALWAYS_SEARCH_USER_PATHS = NO;
				CLANG_CXX_LANGUAGE_STANDARD = "gnu++0x";
				CLANG_CXX_LIBRARY = "libc++";
				CLANG_ENABLE_OBJC_ARC = YES;
				CLANG_WARN_CONSTANT_CONVERSION = YES;
				CLANG_WARN_EMPTY_BODY = YES;
				CLANG_WARN_ENUM_CONVERSION = YES;
				CLANG_WARN_INT_CONVERSION = YES;
				CLANG_WARN__DUPLICATE_METHOD_MATCH = YES;
				"CODE_SIGN_IDENTITY[sdk=iphoneos*]" = "iPhone Developer";
				COPY_PHASE_STRIP = NO;
				GCC_C_LANGUAGE_STANDARD = gnu99;
				GCC_DYNAMIC_NO_PIC = NO;
				GCC_OPTIMIZATION_LEVEL = 0;
				GCC_PREPROCESSOR_DEFINITIONS = (
					"DEBUG=1",
					"$(inherited)",
				);
				GCC_SYMBOLS_PRIVATE_EXTERN = NO;
				GCC_WARN_ABOUT_RETURN_TYPE = YES;
				GCC_WARN_UNINITIALIZED_AUTOS = YES;
				GCC_WARN_UNUSED_VARIABLE = YES;
				IPHONEOS_DEPLOYMENT_TARGET = 6.1;
				ONLY_ACTIVE_ARCH = YES;
				SDKROOT = iphoneos;
			};
			name = Debug;
		};
		629EBBE8179491DE0022F845 /* Release */ = {
			isa = XCBuildConfiguration;
			buildSettings = {
				ALWAYS_SEARCH_USER_PATHS = NO;
				CLANG_CXX_LANGUAGE_STANDARD = "gnu++0x";
				CLANG_CXX_LIBRARY = "libc++";
				CLANG_ENABLE_OBJC_ARC = YES;
				CLANG_WARN_CONSTANT_CONVERSION = YES;
				CLANG_WARN_EMPTY_BODY = YES;
				CLANG_WARN_ENUM_CONVERSION = YES;
				CLANG_WARN_INT_CONVERSION = YES;
				CLANG_WARN__DUPLICATE_METHOD_MATCH = YES;
				"CODE_SIGN_IDENTITY[sdk=iphoneos*]" = "iPhone Developer";
				COPY_PHASE_STRIP = YES;
				GCC_C_LANGUAGE_STANDARD = gnu99;
				GCC_WARN_ABOUT_RETURN_TYPE = YES;
				GCC_WARN_UNINITIALIZED_AUTOS = YES;
				GCC_WARN_UNUSED_VARIABLE = YES;
				IPHONEOS_DEPLOYMENT_TARGET = 6.1;
				OTHER_CFLAGS = "-DNS_BLOCK_ASSERTIONS=1";
				SDKROOT = iphoneos;
				VALIDATE_PRODUCT = YES;
			};
			name = Release;
		};
		629EBBEA179491DE0022F845 /* Debug */ = {
			isa = XCBuildConfiguration;
			buildSettings = {
				GCC_PRECOMPILE_PREFIX_HEADER = YES;
				GCC_PREFIX_HEADER = "iOSDocument/iOSDocument-Prefix.pch";
				INFOPLIST_FILE = "iOSDocument/iOSDocument-Info.plist";
				PRODUCT_NAME = "$(TARGET_NAME)";
				WRAPPER_EXTENSION = app;
			};
			name = Debug;
		};
		629EBBEB179491DE0022F845 /* Release */ = {
			isa = XCBuildConfiguration;
			buildSettings = {
				GCC_PRECOMPILE_PREFIX_HEADER = YES;
				GCC_PREFIX_HEADER = "iOSDocument/iOSDocument-Prefix.pch";
				INFOPLIST_FILE = "iOSDocument/iOSDocument-Info.plist";
				PRODUCT_NAME = "$(TARGET_NAME)";
				WRAPPER_EXTENSION = app;
			};
			name = Release;
		};
/* End XCBuildConfiguration section */

/* Begin XCConfigurationList section */
		629EBBBE179491DE0022F845 /* Build configuration list for PBXProject "iOSDocument" */ = {
			isa = XCConfigurationList;
			buildConfigurations = (
				629EBBE7179491DE0022F845 /* Debug */,
				629EBBE8179491DE0022F845 /* Release */,
			);
			defaultConfigurationIsVisible = 0;
			defaultConfigurationName = Release;
		};
		629EBBE9179491DE0022F845 /* Build configuration list for PBXNativeTarget "iOSDocument" */ = {
			isa = XCConfigurationList;
			buildConfigurations = (
				629EBBEA179491DE0022F845 /* Debug */,
				629EBBEB179491DE0022F845 /* Release */,
			);
			defaultConfigurationIsVisible = 0;
		};
/* End XCConfigurationList section */
	};
	rootObject = 629EBBBB179491DE0022F845 /* Project object */;
}
